// !$*UTF8*$!
{
	archiveVersion = 1;
	classes = {
	};
	objectVersion = 46;
	objects = {

/* Begin PBXBuildFile section */
		59CFFA1D226B58FE00822CC3 /* ADJDeviceInfo.m in Sources */ = {isa = PBXBuildFile; fileRef = 59CFF9DA226B58FE00822CC3 /* ADJDeviceInfo.m */; };
		59CFFA1E226B58FE00822CC3 /* ADJTimerOnce.m in Sources */ = {isa = PBXBuildFile; fileRef = 59CFF9DB226B58FE00822CC3 /* ADJTimerOnce.m */; };
		59CFFA1F226B58FE00822CC3 /* ADJAttributionHandler.m in Sources */ = {isa = PBXBuildFile; fileRef = 59CFF9DC226B58FE00822CC3 /* ADJAttributionHandler.m */; };
		59CFFA20226B58FE00822CC3 /* ADJRequestHandler.m in Sources */ = {isa = PBXBuildFile; fileRef = 59CFF9DE226B58FE00822CC3 /* ADJRequestHandler.m */; };
		59CFFA21226B58FE00822CC3 /* ADJKeychain.m in Sources */ = {isa = PBXBuildFile; fileRef = 59CFF9E1226B58FE00822CC3 /* ADJKeychain.m */; };
		59CFFA22226B58FE00822CC3 /* ADJSdkClickHandler.m in Sources */ = {isa = PBXBuildFile; fileRef = 59CFF9E2226B58FE00822CC3 /* ADJSdkClickHandler.m */; };
		59CFFA23226B58FE00822CC3 /* ADJEvent.m in Sources */ = {isa = PBXBuildFile; fileRef = 59CFF9E4226B58FE00822CC3 /* ADJEvent.m */; };
		59CFFA24226B58FE00822CC3 /* ADJSessionSuccess.m in Sources */ = {isa = PBXBuildFile; fileRef = 59CFF9E8226B58FE00822CC3 /* ADJSessionSuccess.m */; };
		59CFFA25226B58FE00822CC3 /* ADJEventFailure.m in Sources */ = {isa = PBXBuildFile; fileRef = 59CFF9EA226B58FE00822CC3 /* ADJEventFailure.m */; };
		59CFFA26226B58FE00822CC3 /* ADJEventSuccess.m in Sources */ = {isa = PBXBuildFile; fileRef = 59CFF9EC226B58FE00822CC3 /* ADJEventSuccess.m */; };
		59CFFA27226B58FE00822CC3 /* ADJActivityState.m in Sources */ = {isa = PBXBuildFile; fileRef = 59CFF9ED226B58FE00822CC3 /* ADJActivityState.m */; };
		59CFFA28226B58FE00822CC3 /* ADJSessionFailure.m in Sources */ = {isa = PBXBuildFile; fileRef = 59CFF9EE226B58FE00822CC3 /* ADJSessionFailure.m */; };
		59CFFA29226B58FE00822CC3 /* ADJTimerCycle.m in Sources */ = {isa = PBXBuildFile; fileRef = 59CFF9F2226B58FE00822CC3 /* ADJTimerCycle.m */; };
		59CFFA2A226B58FE00822CC3 /* ADJSessionParameters.m in Sources */ = {isa = PBXBuildFile; fileRef = 59CFF9F3226B58FE00822CC3 /* ADJSessionParameters.m */; };
		59CFFA2B226B58FE00822CC3 /* ADJLogger.m in Sources */ = {isa = PBXBuildFile; fileRef = 59CFF9F4226B58FE00822CC3 /* ADJLogger.m */; };
		59CFFA2C226B58FE00822CC3 /* ADJBackoffStrategy.m in Sources */ = {isa = PBXBuildFile; fileRef = 59CFF9F5226B58FE00822CC3 /* ADJBackoffStrategy.m */; };
		59CFFA2D226B58FE00822CC3 /* ADJConfig.m in Sources */ = {isa = PBXBuildFile; fileRef = 59CFF9FA226B58FE00822CC3 /* ADJConfig.m */; };
		59CFFA2E226B58FE00822CC3 /* ADJPackageHandler.m in Sources */ = {isa = PBXBuildFile; fileRef = 59CFF9FB226B58FE00822CC3 /* ADJPackageHandler.m */; };
		59CFFA2F226B58FE00822CC3 /* ADJActivityKind.m in Sources */ = {isa = PBXBuildFile; fileRef = 59CFF9FE226B58FE00822CC3 /* ADJActivityKind.m */; };
		59CFFA30226B58FE00822CC3 /* NSString+ADJAdditions.m in Sources */ = {isa = PBXBuildFile; fileRef = 59CFFA01226B58FE00822CC3 /* NSString+ADJAdditions.m */; };
		59CFFA31226B58FE00822CC3 /* NSData+ADJAdditions.m in Sources */ = {isa = PBXBuildFile; fileRef = 59CFFA03226B58FE00822CC3 /* NSData+ADJAdditions.m */; };
		59CFFA32226B58FE00822CC3 /* UIDevice+ADJAdditions.m in Sources */ = {isa = PBXBuildFile; fileRef = 59CFFA05226B58FE00822CC3 /* UIDevice+ADJAdditions.m */; };
		59CFFA33226B58FE00822CC3 /* ADJAttribution.m in Sources */ = {isa = PBXBuildFile; fileRef = 59CFFA07226B58FE00822CC3 /* ADJAttribution.m */; };
		59CFFA34226B58FE00822CC3 /* ADJSystemProfile.m in Sources */ = {isa = PBXBuildFile; fileRef = 59CFFA08226B58FE00822CC3 /* ADJSystemProfile.m */; };
		59CFFA35226B58FE00822CC3 /* ADJActivityPackage.m in Sources */ = {isa = PBXBuildFile; fileRef = 59CFFA0A226B58FE00822CC3 /* ADJActivityPackage.m */; };
		59CFFA36226B58FE00822CC3 /* ADJUtil.m in Sources */ = {isa = PBXBuildFile; fileRef = 59CFFA0B226B58FE00822CC3 /* ADJUtil.m */; };
		59CFFA37226B58FE00822CC3 /* ADJAdjustFactory.m in Sources */ = {isa = PBXBuildFile; fileRef = 59CFFA0E226B58FE00822CC3 /* ADJAdjustFactory.m */; };
		59CFFA38226B58FE00822CC3 /* ADJResponseData.m in Sources */ = {isa = PBXBuildFile; fileRef = 59CFFA11226B58FE00822CC3 /* ADJResponseData.m */; };
		59CFFA39226B58FE00822CC3 /* Adtrace.m in Sources */ = {isa = PBXBuildFile; fileRef = 59CFFA13226B58FE00822CC3 /* Adtrace.m */; };
		59CFFA3A226B58FE00822CC3 /* ADJPackageBuilder.m in Sources */ = {isa = PBXBuildFile; fileRef = 59CFFA14226B58FE00822CC3 /* ADJPackageBuilder.m */; };
		59CFFA3B226B58FE00822CC3 /* ADJUserDefaults.m in Sources */ = {isa = PBXBuildFile; fileRef = 59CFFA15226B58FE00822CC3 /* ADJUserDefaults.m */; };
		59CFFA3D226B58FE00822CC3 /* ADJActivityHandler.m in Sources */ = {isa = PBXBuildFile; fileRef = 59CFFA1B226B58FE00822CC3 /* ADJActivityHandler.m */; };
		59CFFA3E226B58FE00822CC3 /* ADJReachability.m in Sources */ = {isa = PBXBuildFile; fileRef = 59CFFA1C226B58FE00822CC3 /* ADJReachability.m */; };
		963909B71BCC0D8300A2E8A4 /* main.m in Sources */ = {isa = PBXBuildFile; fileRef = 963909B61BCC0D8300A2E8A4 /* main.m */; };
		963909BA1BCC0D8300A2E8A4 /* AppDelegate.m in Sources */ = {isa = PBXBuildFile; fileRef = 963909B91BCC0D8300A2E8A4 /* AppDelegate.m */; };
		963909BD1BCC0D8300A2E8A4 /* ViewControllertvOS.m in Sources */ = {isa = PBXBuildFile; fileRef = 963909BC1BCC0D8300A2E8A4 /* ViewControllertvOS.m */; };
		963909C01BCC0D8300A2E8A4 /* Main.storyboard in Resources */ = {isa = PBXBuildFile; fileRef = 963909BE1BCC0D8300A2E8A4 /* Main.storyboard */; };
		963909C21BCC0D8300A2E8A4 /* Assets.xcassets in Resources */ = {isa = PBXBuildFile; fileRef = 963909C11BCC0D8300A2E8A4 /* Assets.xcassets */; };
		963909D01BCC0DA600A2E8A4 /* AdSupport.framework in Frameworks */ = {isa = PBXBuildFile; fileRef = 963909CF1BCC0DA600A2E8A4 /* AdSupport.framework */; settings = {ATTRIBUTES = (Weak, ); }; };
		9DC95F2F1C10596500138E4B /* Constants.m in Sources */ = {isa = PBXBuildFile; fileRef = 9DC95F2E1C10596500138E4B /* Constants.m */; };
/* End PBXBuildFile section */

/* Begin PBXCopyFilesBuildPhase section */
		9DEFCE681DD5CCDE006A10E6 /* Embed Frameworks */ = {
			isa = PBXCopyFilesBuildPhase;
			buildActionMask = 2147483647;
			dstPath = "";
			dstSubfolderSpec = 10;
			files = (
			);
			name = "Embed Frameworks";
			runOnlyForDeploymentPostprocessing = 0;
		};
/* End PBXCopyFilesBuildPhase section */

/* Begin PBXFileReference section */
		59CFF9D9226B58FE00822CC3 /* ADJConfig.h */ = {isa = PBXFileReference; fileEncoding = 4; lastKnownFileType = sourcecode.c.h; path = ADJConfig.h; sourceTree = "<group>"; };
		59CFF9DA226B58FE00822CC3 /* ADJDeviceInfo.m */ = {isa = PBXFileReference; fileEncoding = 4; lastKnownFileType = sourcecode.c.objc; path = ADJDeviceInfo.m; sourceTree = "<group>"; };
		59CFF9DB226B58FE00822CC3 /* ADJTimerOnce.m */ = {isa = PBXFileReference; fileEncoding = 4; lastKnownFileType = sourcecode.c.objc; path = ADJTimerOnce.m; sourceTree = "<group>"; };
		59CFF9DC226B58FE00822CC3 /* ADJAttributionHandler.m */ = {isa = PBXFileReference; fileEncoding = 4; lastKnownFileType = sourcecode.c.objc; path = ADJAttributionHandler.m; sourceTree = "<group>"; };
		59CFF9DD226B58FE00822CC3 /* ADJActivityPackage.h */ = {isa = PBXFileReference; fileEncoding = 4; lastKnownFileType = sourcecode.c.h; path = ADJActivityPackage.h; sourceTree = "<group>"; };
		59CFF9DE226B58FE00822CC3 /* ADJRequestHandler.m */ = {isa = PBXFileReference; fileEncoding = 4; lastKnownFileType = sourcecode.c.objc; path = ADJRequestHandler.m; sourceTree = "<group>"; };
		59CFF9DF226B58FE00822CC3 /* ADJSystemProfile.h */ = {isa = PBXFileReference; fileEncoding = 4; lastKnownFileType = sourcecode.c.h; path = ADJSystemProfile.h; sourceTree = "<group>"; };
		59CFF9E0226B58FE00822CC3 /* ADJAttribution.h */ = {isa = PBXFileReference; fileEncoding = 4; lastKnownFileType = sourcecode.c.h; path = ADJAttribution.h; sourceTree = "<group>"; };
		59CFF9E1226B58FE00822CC3 /* ADJKeychain.m */ = {isa = PBXFileReference; fileEncoding = 4; lastKnownFileType = sourcecode.c.objc; path = ADJKeychain.m; sourceTree = "<group>"; };
		59CFF9E2226B58FE00822CC3 /* ADJSdkClickHandler.m */ = {isa = PBXFileReference; fileEncoding = 4; lastKnownFileType = sourcecode.c.objc; path = ADJSdkClickHandler.m; sourceTree = "<group>"; };
		59CFF9E3226B58FE00822CC3 /* ADJActivityKind.h */ = {isa = PBXFileReference; fileEncoding = 4; lastKnownFileType = sourcecode.c.h; path = ADJActivityKind.h; sourceTree = "<group>"; };
		59CFF9E4226B58FE00822CC3 /* ADJEvent.m */ = {isa = PBXFileReference; fileEncoding = 4; lastKnownFileType = sourcecode.c.objc; path = ADJEvent.m; sourceTree = "<group>"; };
		59CFF9E5226B58FE00822CC3 /* ADJPackageHandler.h */ = {isa = PBXFileReference; fileEncoding = 4; lastKnownFileType = sourcecode.c.h; path = ADJPackageHandler.h; sourceTree = "<group>"; };
		59CFF9E6226B58FE00822CC3 /* ADJPackageBuilder.h */ = {isa = PBXFileReference; fileEncoding = 4; lastKnownFileType = sourcecode.c.h; path = ADJPackageBuilder.h; sourceTree = "<group>"; };
		59CFF9E7226B58FE00822CC3 /* ADJResponseData.h */ = {isa = PBXFileReference; fileEncoding = 4; lastKnownFileType = sourcecode.c.h; path = ADJResponseData.h; sourceTree = "<group>"; };
		59CFF9E8226B58FE00822CC3 /* ADJSessionSuccess.m */ = {isa = PBXFileReference; fileEncoding = 4; lastKnownFileType = sourcecode.c.objc; path = ADJSessionSuccess.m; sourceTree = "<group>"; };
		59CFF9E9226B58FE00822CC3 /* Adtrace.h */ = {isa = PBXFileReference; fileEncoding = 4; lastKnownFileType = sourcecode.c.h; path = Adtrace.h; sourceTree = "<group>"; };
		59CFF9EA226B58FE00822CC3 /* ADJEventFailure.m */ = {isa = PBXFileReference; fileEncoding = 4; lastKnownFileType = sourcecode.c.objc; path = ADJEventFailure.m; sourceTree = "<group>"; };
		59CFF9EB226B58FE00822CC3 /* ADJAdjustFactory.h */ = {isa = PBXFileReference; fileEncoding = 4; lastKnownFileType = sourcecode.c.h; path = ADJAdjustFactory.h; sourceTree = "<group>"; };
		59CFF9EC226B58FE00822CC3 /* ADJEventSuccess.m */ = {isa = PBXFileReference; fileEncoding = 4; lastKnownFileType = sourcecode.c.objc; path = ADJEventSuccess.m; sourceTree = "<group>"; };
		59CFF9ED226B58FE00822CC3 /* ADJActivityState.m */ = {isa = PBXFileReference; fileEncoding = 4; lastKnownFileType = sourcecode.c.objc; path = ADJActivityState.m; sourceTree = "<group>"; };
		59CFF9EE226B58FE00822CC3 /* ADJSessionFailure.m */ = {isa = PBXFileReference; fileEncoding = 4; lastKnownFileType = sourcecode.c.objc; path = ADJSessionFailure.m; sourceTree = "<group>"; };
		59CFF9EF226B58FE00822CC3 /* ADJUtil.h */ = {isa = PBXFileReference; fileEncoding = 4; lastKnownFileType = sourcecode.c.h; path = ADJUtil.h; sourceTree = "<group>"; };
		59CFF9F0226B58FE00822CC3 /* ADJReachability.h */ = {isa = PBXFileReference; fileEncoding = 4; lastKnownFileType = sourcecode.c.h; path = ADJReachability.h; sourceTree = "<group>"; };
		59CFF9F1226B58FE00822CC3 /* ADJActivityHandler.h */ = {isa = PBXFileReference; fileEncoding = 4; lastKnownFileType = sourcecode.c.h; path = ADJActivityHandler.h; sourceTree = "<group>"; };
		59CFF9F2226B58FE00822CC3 /* ADJTimerCycle.m */ = {isa = PBXFileReference; fileEncoding = 4; lastKnownFileType = sourcecode.c.objc; path = ADJTimerCycle.m; sourceTree = "<group>"; };
		59CFF9F3226B58FE00822CC3 /* ADJSessionParameters.m */ = {isa = PBXFileReference; fileEncoding = 4; lastKnownFileType = sourcecode.c.objc; path = ADJSessionParameters.m; sourceTree = "<group>"; };
		59CFF9F4226B58FE00822CC3 /* ADJLogger.m */ = {isa = PBXFileReference; fileEncoding = 4; lastKnownFileType = sourcecode.c.objc; path = ADJLogger.m; sourceTree = "<group>"; };
		59CFF9F5226B58FE00822CC3 /* ADJBackoffStrategy.m */ = {isa = PBXFileReference; fileEncoding = 4; lastKnownFileType = sourcecode.c.objc; path = ADJBackoffStrategy.m; sourceTree = "<group>"; };
		59CFF9F6226B58FE00822CC3 /* ADJUserDefaults.h */ = {isa = PBXFileReference; fileEncoding = 4; lastKnownFileType = sourcecode.c.h; path = ADJUserDefaults.h; sourceTree = "<group>"; };
		59CFF9F7226B58FE00822CC3 /* ADJAttributionHandler.h */ = {isa = PBXFileReference; fileEncoding = 4; lastKnownFileType = sourcecode.c.h; path = ADJAttributionHandler.h; sourceTree = "<group>"; };
		59CFF9F8226B58FE00822CC3 /* ADJTimerOnce.h */ = {isa = PBXFileReference; fileEncoding = 4; lastKnownFileType = sourcecode.c.h; path = ADJTimerOnce.h; sourceTree = "<group>"; };
		59CFF9F9226B58FE00822CC3 /* ADJDeviceInfo.h */ = {isa = PBXFileReference; fileEncoding = 4; lastKnownFileType = sourcecode.c.h; path = ADJDeviceInfo.h; sourceTree = "<group>"; };
		59CFF9FA226B58FE00822CC3 /* ADJConfig.m */ = {isa = PBXFileReference; fileEncoding = 4; lastKnownFileType = sourcecode.c.objc; path = ADJConfig.m; sourceTree = "<group>"; };
		59CFF9FB226B58FE00822CC3 /* ADJPackageHandler.m */ = {isa = PBXFileReference; fileEncoding = 4; lastKnownFileType = sourcecode.c.objc; path = ADJPackageHandler.m; sourceTree = "<group>"; };
		59CFF9FC226B58FE00822CC3 /* ADJEvent.h */ = {isa = PBXFileReference; fileEncoding = 4; lastKnownFileType = sourcecode.c.h; path = ADJEvent.h; sourceTree = "<group>"; };
		59CFF9FD226B58FE00822CC3 /* ADJSdkClickHandler.h */ = {isa = PBXFileReference; fileEncoding = 4; lastKnownFileType = sourcecode.c.h; path = ADJSdkClickHandler.h; sourceTree = "<group>"; };
		59CFF9FE226B58FE00822CC3 /* ADJActivityKind.m */ = {isa = PBXFileReference; fileEncoding = 4; lastKnownFileType = sourcecode.c.objc; path = ADJActivityKind.m; sourceTree = "<group>"; };
		59CFF9FF226B58FE00822CC3 /* ADJKeychain.h */ = {isa = PBXFileReference; fileEncoding = 4; lastKnownFileType = sourcecode.c.h; path = ADJKeychain.h; sourceTree = "<group>"; };
		59CFFA01226B58FE00822CC3 /* NSString+ADJAdditions.m */ = {isa = PBXFileReference; fileEncoding = 4; lastKnownFileType = sourcecode.c.objc; path = "NSString+ADJAdditions.m"; sourceTree = "<group>"; };
		59CFFA02226B58FE00822CC3 /* UIDevice+ADJAdditions.h */ = {isa = PBXFileReference; fileEncoding = 4; lastKnownFileType = sourcecode.c.h; path = "UIDevice+ADJAdditions.h"; sourceTree = "<group>"; };
		59CFFA03226B58FE00822CC3 /* NSData+ADJAdditions.m */ = {isa = PBXFileReference; fileEncoding = 4; lastKnownFileType = sourcecode.c.objc; path = "NSData+ADJAdditions.m"; sourceTree = "<group>"; };
		59CFFA04226B58FE00822CC3 /* NSData+ADJAdditions.h */ = {isa = PBXFileReference; fileEncoding = 4; lastKnownFileType = sourcecode.c.h; path = "NSData+ADJAdditions.h"; sourceTree = "<group>"; };
		59CFFA05226B58FE00822CC3 /* UIDevice+ADJAdditions.m */ = {isa = PBXFileReference; fileEncoding = 4; lastKnownFileType = sourcecode.c.objc; path = "UIDevice+ADJAdditions.m"; sourceTree = "<group>"; };
		59CFFA06226B58FE00822CC3 /* NSString+ADJAdditions.h */ = {isa = PBXFileReference; fileEncoding = 4; lastKnownFileType = sourcecode.c.h; path = "NSString+ADJAdditions.h"; sourceTree = "<group>"; };
		59CFFA07226B58FE00822CC3 /* ADJAttribution.m */ = {isa = PBXFileReference; fileEncoding = 4; lastKnownFileType = sourcecode.c.objc; path = ADJAttribution.m; sourceTree = "<group>"; };
		59CFFA08226B58FE00822CC3 /* ADJSystemProfile.m */ = {isa = PBXFileReference; fileEncoding = 4; lastKnownFileType = sourcecode.c.objc; path = ADJSystemProfile.m; sourceTree = "<group>"; };
		59CFFA09226B58FE00822CC3 /* ADJRequestHandler.h */ = {isa = PBXFileReference; fileEncoding = 4; lastKnownFileType = sourcecode.c.h; path = ADJRequestHandler.h; sourceTree = "<group>"; };
		59CFFA0A226B58FE00822CC3 /* ADJActivityPackage.m */ = {isa = PBXFileReference; fileEncoding = 4; lastKnownFileType = sourcecode.c.objc; path = ADJActivityPackage.m; sourceTree = "<group>"; };
		59CFFA0B226B58FE00822CC3 /* ADJUtil.m */ = {isa = PBXFileReference; fileEncoding = 4; lastKnownFileType = sourcecode.c.objc; path = ADJUtil.m; sourceTree = "<group>"; };
		59CFFA0C226B58FE00822CC3 /* ADJSessionFailure.h */ = {isa = PBXFileReference; fileEncoding = 4; lastKnownFileType = sourcecode.c.h; path = ADJSessionFailure.h; sourceTree = "<group>"; };
		59CFFA0D226B58FE00822CC3 /* ADJActivityState.h */ = {isa = PBXFileReference; fileEncoding = 4; lastKnownFileType = sourcecode.c.h; path = ADJActivityState.h; sourceTree = "<group>"; };
		59CFFA0E226B58FE00822CC3 /* ADJAdjustFactory.m */ = {isa = PBXFileReference; fileEncoding = 4; lastKnownFileType = sourcecode.c.objc; path = ADJAdjustFactory.m; sourceTree = "<group>"; };
		59CFFA0F226B58FE00822CC3 /* ADJEventSuccess.h */ = {isa = PBXFileReference; fileEncoding = 4; lastKnownFileType = sourcecode.c.h; path = ADJEventSuccess.h; sourceTree = "<group>"; };
		59CFFA10226B58FE00822CC3 /* ADJEventFailure.h */ = {isa = PBXFileReference; fileEncoding = 4; lastKnownFileType = sourcecode.c.h; path = ADJEventFailure.h; sourceTree = "<group>"; };
		59CFFA11226B58FE00822CC3 /* ADJResponseData.m */ = {isa = PBXFileReference; fileEncoding = 4; lastKnownFileType = sourcecode.c.objc; path = ADJResponseData.m; sourceTree = "<group>"; };
		59CFFA12226B58FE00822CC3 /* ADJSessionSuccess.h */ = {isa = PBXFileReference; fileEncoding = 4; lastKnownFileType = sourcecode.c.h; path = ADJSessionSuccess.h; sourceTree = "<group>"; };
		59CFFA13226B58FE00822CC3 /* Adtrace.m */ = {isa = PBXFileReference; fileEncoding = 4; lastKnownFileType = sourcecode.c.objc; path = Adtrace.m; sourceTree = "<group>"; };
		59CFFA14226B58FE00822CC3 /* ADJPackageBuilder.m */ = {isa = PBXFileReference; fileEncoding = 4; lastKnownFileType = sourcecode.c.objc; path = ADJPackageBuilder.m; sourceTree = "<group>"; };
		59CFFA15226B58FE00822CC3 /* ADJUserDefaults.m */ = {isa = PBXFileReference; fileEncoding = 4; lastKnownFileType = sourcecode.c.objc; path = ADJUserDefaults.m; sourceTree = "<group>"; };
		59CFFA16226B58FE00822CC3 /* ADJBackoffStrategy.h */ = {isa = PBXFileReference; fileEncoding = 4; lastKnownFileType = sourcecode.c.h; path = ADJBackoffStrategy.h; sourceTree = "<group>"; };
		59CFFA17226B58FE00822CC3 /* ADJLogger.h */ = {isa = PBXFileReference; fileEncoding = 4; lastKnownFileType = sourcecode.c.h; path = ADJLogger.h; sourceTree = "<group>"; };
		59CFFA18226B58FE00822CC3 /* ADJSessionParameters.h */ = {isa = PBXFileReference; fileEncoding = 4; lastKnownFileType = sourcecode.c.h; path = ADJSessionParameters.h; sourceTree = "<group>"; };
		59CFFA1A226B58FE00822CC3 /* ADJTimerCycle.h */ = {isa = PBXFileReference; fileEncoding = 4; lastKnownFileType = sourcecode.c.h; path = ADJTimerCycle.h; sourceTree = "<group>"; };
		59CFFA1B226B58FE00822CC3 /* ADJActivityHandler.m */ = {isa = PBXFileReference; fileEncoding = 4; lastKnownFileType = sourcecode.c.objc; path = ADJActivityHandler.m; sourceTree = "<group>"; };
		59CFFA1C226B58FE00822CC3 /* ADJReachability.m */ = {isa = PBXFileReference; fileEncoding = 4; lastKnownFileType = sourcecode.c.objc; path = ADJReachability.m; sourceTree = "<group>"; };
		963909B21BCC0D8300A2E8A4 /* AdjustExample-tvOS.app */ = {isa = PBXFileReference; explicitFileType = wrapper.application; includeInIndex = 0; path = "AdjustExample-tvOS.app"; sourceTree = BUILT_PRODUCTS_DIR; };
		963909B61BCC0D8300A2E8A4 /* main.m */ = {isa = PBXFileReference; lastKnownFileType = sourcecode.c.objc; path = main.m; sourceTree = "<group>"; };
		963909B81BCC0D8300A2E8A4 /* AppDelegate.h */ = {isa = PBXFileReference; lastKnownFileType = sourcecode.c.h; path = AppDelegate.h; sourceTree = "<group>"; };
		963909B91BCC0D8300A2E8A4 /* AppDelegate.m */ = {isa = PBXFileReference; lastKnownFileType = sourcecode.c.objc; path = AppDelegate.m; sourceTree = "<group>"; };
		963909BB1BCC0D8300A2E8A4 /* ViewControllertvOS.h */ = {isa = PBXFileReference; lastKnownFileType = sourcecode.c.h; path = ViewControllertvOS.h; sourceTree = "<group>"; };
		963909BC1BCC0D8300A2E8A4 /* ViewControllertvOS.m */ = {isa = PBXFileReference; lastKnownFileType = sourcecode.c.objc; path = ViewControllertvOS.m; sourceTree = "<group>"; };
		963909BF1BCC0D8300A2E8A4 /* Base */ = {isa = PBXFileReference; lastKnownFileType = file.storyboard; name = Base; path = Base.lproj/Main.storyboard; sourceTree = "<group>"; };
		963909C11BCC0D8300A2E8A4 /* Assets.xcassets */ = {isa = PBXFileReference; lastKnownFileType = folder.assetcatalog; path = Assets.xcassets; sourceTree = "<group>"; };
		963909C31BCC0D8300A2E8A4 /* Info.plist */ = {isa = PBXFileReference; lastKnownFileType = text.plist.xml; path = Info.plist; sourceTree = "<group>"; };
		963909CF1BCC0DA600A2E8A4 /* AdSupport.framework */ = {isa = PBXFileReference; lastKnownFileType = wrapper.framework; name = AdSupport.framework; path = System/Library/Frameworks/AdSupport.framework; sourceTree = SDKROOT; };
		9DC95F2D1C10596500138E4B /* Constants.h */ = {isa = PBXFileReference; fileEncoding = 4; lastKnownFileType = sourcecode.c.h; path = Constants.h; sourceTree = "<group>"; };
		9DC95F2E1C10596500138E4B /* Constants.m */ = {isa = PBXFileReference; fileEncoding = 4; lastKnownFileType = sourcecode.c.objc; path = Constants.m; sourceTree = "<group>"; };
/* End PBXFileReference section */

/* Begin PBXFrameworksBuildPhase section */
		963909AF1BCC0D8300A2E8A4 /* Frameworks */ = {
			isa = PBXFrameworksBuildPhase;
			buildActionMask = 2147483647;
			files = (
				963909D01BCC0DA600A2E8A4 /* AdSupport.framework in Frameworks */,
			);
			runOnlyForDeploymentPostprocessing = 0;
		};
/* End PBXFrameworksBuildPhase section */

/* Begin PBXGroup section */
		59CFF9D8226B58FE00822CC3 /* Adtrace */ = {
			isa = PBXGroup;
			children = (
				59CFF9D9226B58FE00822CC3 /* ADJConfig.h */,
				59CFF9DA226B58FE00822CC3 /* ADJDeviceInfo.m */,
				59CFF9DB226B58FE00822CC3 /* ADJTimerOnce.m */,
				59CFF9DC226B58FE00822CC3 /* ADJAttributionHandler.m */,
				59CFF9DD226B58FE00822CC3 /* ADJActivityPackage.h */,
				59CFF9DE226B58FE00822CC3 /* ADJRequestHandler.m */,
				59CFF9DF226B58FE00822CC3 /* ADJSystemProfile.h */,
				59CFF9E0226B58FE00822CC3 /* ADJAttribution.h */,
				59CFF9E1226B58FE00822CC3 /* ADJKeychain.m */,
				59CFF9E2226B58FE00822CC3 /* ADJSdkClickHandler.m */,
				59CFF9E3226B58FE00822CC3 /* ADJActivityKind.h */,
				59CFF9E4226B58FE00822CC3 /* ADJEvent.m */,
				59CFF9E5226B58FE00822CC3 /* ADJPackageHandler.h */,
				59CFF9E6226B58FE00822CC3 /* ADJPackageBuilder.h */,
				59CFF9E7226B58FE00822CC3 /* ADJResponseData.h */,
				59CFF9E8226B58FE00822CC3 /* ADJSessionSuccess.m */,
				59CFF9E9226B58FE00822CC3 /* Adtrace.h */,
				59CFF9EA226B58FE00822CC3 /* ADJEventFailure.m */,
				59CFF9EB226B58FE00822CC3 /* ADJAdjustFactory.h */,
				59CFF9EC226B58FE00822CC3 /* ADJEventSuccess.m */,
				59CFF9ED226B58FE00822CC3 /* ADJActivityState.m */,
				59CFF9EE226B58FE00822CC3 /* ADJSessionFailure.m */,
				59CFF9EF226B58FE00822CC3 /* ADJUtil.h */,
				59CFF9F0226B58FE00822CC3 /* ADJReachability.h */,
				59CFF9F1226B58FE00822CC3 /* ADJActivityHandler.h */,
				59CFF9F2226B58FE00822CC3 /* ADJTimerCycle.m */,
				59CFF9F3226B58FE00822CC3 /* ADJSessionParameters.m */,
				59CFF9F4226B58FE00822CC3 /* ADJLogger.m */,
				59CFF9F5226B58FE00822CC3 /* ADJBackoffStrategy.m */,
				59CFF9F6226B58FE00822CC3 /* ADJUserDefaults.h */,
				59CFF9F7226B58FE00822CC3 /* ADJAttributionHandler.h */,
				59CFF9F8226B58FE00822CC3 /* ADJTimerOnce.h */,
				59CFF9F9226B58FE00822CC3 /* ADJDeviceInfo.h */,
				59CFF9FA226B58FE00822CC3 /* ADJConfig.m */,
				59CFF9FB226B58FE00822CC3 /* ADJPackageHandler.m */,
				59CFF9FC226B58FE00822CC3 /* ADJEvent.h */,
				59CFF9FD226B58FE00822CC3 /* ADJSdkClickHandler.h */,
				59CFF9FE226B58FE00822CC3 /* ADJActivityKind.m */,
				59CFF9FF226B58FE00822CC3 /* ADJKeychain.h */,
				59CFFA00226B58FE00822CC3 /* ADJAdditions */,
				59CFFA07226B58FE00822CC3 /* ADJAttribution.m */,
				59CFFA08226B58FE00822CC3 /* ADJSystemProfile.m */,
				59CFFA09226B58FE00822CC3 /* ADJRequestHandler.h */,
				59CFFA0A226B58FE00822CC3 /* ADJActivityPackage.m */,
				59CFFA0B226B58FE00822CC3 /* ADJUtil.m */,
				59CFFA0C226B58FE00822CC3 /* ADJSessionFailure.h */,
				59CFFA0D226B58FE00822CC3 /* ADJActivityState.h */,
				59CFFA0E226B58FE00822CC3 /* ADJAdjustFactory.m */,
				59CFFA0F226B58FE00822CC3 /* ADJEventSuccess.h */,
				59CFFA10226B58FE00822CC3 /* ADJEventFailure.h */,
				59CFFA11226B58FE00822CC3 /* ADJResponseData.m */,
				59CFFA12226B58FE00822CC3 /* ADJSessionSuccess.h */,
				59CFFA13226B58FE00822CC3 /* Adtrace.m */,
				59CFFA14226B58FE00822CC3 /* ADJPackageBuilder.m */,
				59CFFA15226B58FE00822CC3 /* ADJUserDefaults.m */,
				59CFFA16226B58FE00822CC3 /* ADJBackoffStrategy.h */,
				59CFFA17226B58FE00822CC3 /* ADJLogger.h */,
				59CFFA18226B58FE00822CC3 /* ADJSessionParameters.h */,
				59CFFA1A226B58FE00822CC3 /* ADJTimerCycle.h */,
				59CFFA1B226B58FE00822CC3 /* ADJActivityHandler.m */,
				59CFFA1C226B58FE00822CC3 /* ADJReachability.m */,
			);
			name = Adtrace;
			path = ../../../Adtrace;
			sourceTree = "<group>";
		};
		59CFFA00226B58FE00822CC3 /* ADJAdditions */ = {
			isa = PBXGroup;
			children = (
				59CFFA01226B58FE00822CC3 /* NSString+ADJAdditions.m */,
				59CFFA02226B58FE00822CC3 /* UIDevice+ADJAdditions.h */,
				59CFFA03226B58FE00822CC3 /* NSData+ADJAdditions.m */,
				59CFFA04226B58FE00822CC3 /* NSData+ADJAdditions.h */,
				59CFFA05226B58FE00822CC3 /* UIDevice+ADJAdditions.m */,
				59CFFA06226B58FE00822CC3 /* NSString+ADJAdditions.h */,
			);
			path = ADJAdditions;
			sourceTree = "<group>";
		};
		963909A91BCC0D8300A2E8A4 = {
			isa = PBXGroup;
			children = (
				963909B41BCC0D8300A2E8A4 /* AdjustExample-tvOS */,
				963909B31BCC0D8300A2E8A4 /* Products */,
			);
			sourceTree = "<group>";
		};
		963909B31BCC0D8300A2E8A4 /* Products */ = {
			isa = PBXGroup;
			children = (
				963909B21BCC0D8300A2E8A4 /* AdjustExample-tvOS.app */,
			);
			name = Products;
			sourceTree = "<group>";
		};
		963909B41BCC0D8300A2E8A4 /* AdjustExample-tvOS */ = {
			isa = PBXGroup;
			children = (
				9DC95F2D1C10596500138E4B /* Constants.h */,
				9DC95F2E1C10596500138E4B /* Constants.m */,
				963909B81BCC0D8300A2E8A4 /* AppDelegate.h */,
				963909B91BCC0D8300A2E8A4 /* AppDelegate.m */,
				963909BB1BCC0D8300A2E8A4 /* ViewControllertvOS.h */,
				963909BC1BCC0D8300A2E8A4 /* ViewControllertvOS.m */,
				963909BE1BCC0D8300A2E8A4 /* Main.storyboard */,
				963909C11BCC0D8300A2E8A4 /* Assets.xcassets */,
				963909C31BCC0D8300A2E8A4 /* Info.plist */,
				963909B51BCC0D8300A2E8A4 /* Supporting Files */,
			);
			path = "AdjustExample-tvOS";
			sourceTree = "<group>";
		};
		963909B51BCC0D8300A2E8A4 /* Supporting Files */ = {
			isa = PBXGroup;
			children = (
				59CFF9D8226B58FE00822CC3 /* Adtrace */,
				9DF7ACCA1CB50DB700D3591F /* Frameworks */,
				963909B61BCC0D8300A2E8A4 /* main.m */,
			);
			name = "Supporting Files";
			sourceTree = "<group>";
		};
		9DF7ACCA1CB50DB700D3591F /* Frameworks */ = {
			isa = PBXGroup;
			children = (
				963909CF1BCC0DA600A2E8A4 /* AdSupport.framework */,
			);
			name = Frameworks;
			sourceTree = "<group>";
		};
/* End PBXGroup section */

/* Begin PBXNativeTarget section */
		963909B11BCC0D8300A2E8A4 /* AdjustExample-tvOS */ = {
			isa = PBXNativeTarget;
			buildConfigurationList = 963909C61BCC0D8300A2E8A4 /* Build configuration list for PBXNativeTarget "AdjustExample-tvOS" */;
			buildPhases = (
				963909AE1BCC0D8300A2E8A4 /* Sources */,
				963909AF1BCC0D8300A2E8A4 /* Frameworks */,
				963909B01BCC0D8300A2E8A4 /* Resources */,
				9DEFCE681DD5CCDE006A10E6 /* Embed Frameworks */,
			);
			buildRules = (
			);
			dependencies = (
			);
			name = "AdjustExample-tvOS";
			productName = "AdjustExample-tvOS";
			productReference = 963909B21BCC0D8300A2E8A4 /* AdjustExample-tvOS.app */;
			productType = "com.apple.product-type.application";
		};
/* End PBXNativeTarget section */

/* Begin PBXProject section */
		963909AA1BCC0D8300A2E8A4 /* Project object */ = {
			isa = PBXProject;
			attributes = {
				LastUpgradeCheck = 0940;
				ORGANIZATIONNAME = adjust;
				TargetAttributes = {
					963909B11BCC0D8300A2E8A4 = {
						CreatedOnToolsVersion = 7.1;
						DevelopmentTeam = QGUGW9AUMK;
						ProvisioningStyle = Automatic;
						SystemCapabilities = {
							com.apple.BackgroundModes.appletvos = {
								enabled = 1;
							};
						};
					};
				};
			};
			buildConfigurationList = 963909AD1BCC0D8300A2E8A4 /* Build configuration list for PBXProject "AdjustExample-tvOS" */;
			compatibilityVersion = "Xcode 3.2";
			developmentRegion = English;
			hasScannedForEncodings = 0;
			knownRegions = (
				en,
				Base,
			);
			mainGroup = 963909A91BCC0D8300A2E8A4;
			productRefGroup = 963909B31BCC0D8300A2E8A4 /* Products */;
			projectDirPath = "";
			projectRoot = "";
			targets = (
				963909B11BCC0D8300A2E8A4 /* AdjustExample-tvOS */,
			);
		};
/* End PBXProject section */

/* Begin PBXResourcesBuildPhase section */
		963909B01BCC0D8300A2E8A4 /* Resources */ = {
			isa = PBXResourcesBuildPhase;
			buildActionMask = 2147483647;
			files = (
				963909C21BCC0D8300A2E8A4 /* Assets.xcassets in Resources */,
				963909C01BCC0D8300A2E8A4 /* Main.storyboard in Resources */,
			);
			runOnlyForDeploymentPostprocessing = 0;
		};
/* End PBXResourcesBuildPhase section */

/* Begin PBXSourcesBuildPhase section */
		963909AE1BCC0D8300A2E8A4 /* Sources */ = {
			isa = PBXSourcesBuildPhase;
			buildActionMask = 2147483647;
			files = (
				59CFFA27226B58FE00822CC3 /* ADJActivityState.m in Sources */,
				59CFFA37226B58FE00822CC3 /* ADJAdjustFactory.m in Sources */,
				59CFFA32226B58FE00822CC3 /* UIDevice+ADJAdditions.m in Sources */,
				59CFFA23226B58FE00822CC3 /* ADJEvent.m in Sources */,
				59CFFA3A226B58FE00822CC3 /* ADJPackageBuilder.m in Sources */,
				59CFFA38226B58FE00822CC3 /* ADJResponseData.m in Sources */,
				59CFFA3E226B58FE00822CC3 /* ADJReachability.m in Sources */,
				59CFFA1D226B58FE00822CC3 /* ADJDeviceInfo.m in Sources */,
				59CFFA3B226B58FE00822CC3 /* ADJUserDefaults.m in Sources */,
				59CFFA30226B58FE00822CC3 /* NSString+ADJAdditions.m in Sources */,
				59CFFA24226B58FE00822CC3 /* ADJSessionSuccess.m in Sources */,
				59CFFA29226B58FE00822CC3 /* ADJTimerCycle.m in Sources */,
				59CFFA2C226B58FE00822CC3 /* ADJBackoffStrategy.m in Sources */,
				9DC95F2F1C10596500138E4B /* Constants.m in Sources */,
				59CFFA31226B58FE00822CC3 /* NSData+ADJAdditions.m in Sources */,
				59CFFA2E226B58FE00822CC3 /* ADJPackageHandler.m in Sources */,
				59CFFA22226B58FE00822CC3 /* ADJSdkClickHandler.m in Sources */,
				59CFFA35226B58FE00822CC3 /* ADJActivityPackage.m in Sources */,
				59CFFA2F226B58FE00822CC3 /* ADJActivityKind.m in Sources */,
				963909BD1BCC0D8300A2E8A4 /* ViewControllertvOS.m in Sources */,
				59CFFA34226B58FE00822CC3 /* ADJSystemProfile.m in Sources */,
				59CFFA2A226B58FE00822CC3 /* ADJSessionParameters.m in Sources */,
				59CFFA3D226B58FE00822CC3 /* ADJActivityHandler.m in Sources */,
				59CFFA1F226B58FE00822CC3 /* ADJAttributionHandler.m in Sources */,
				59CFFA20226B58FE00822CC3 /* ADJRequestHandler.m in Sources */,
				59CFFA28226B58FE00822CC3 /* ADJSessionFailure.m in Sources */,
				963909BA1BCC0D8300A2E8A4 /* AppDelegate.m in Sources */,
				59CFFA21226B58FE00822CC3 /* ADJKeychain.m in Sources */,
				59CFFA33226B58FE00822CC3 /* ADJAttribution.m in Sources */,
				59CFFA26226B58FE00822CC3 /* ADJEventSuccess.m in Sources */,
				59CFFA2D226B58FE00822CC3 /* ADJConfig.m in Sources */,
				59CFFA39226B58FE00822CC3 /* Adtrace.m in Sources */,
				59CFFA36226B58FE00822CC3 /* ADJUtil.m in Sources */,
				59CFFA2B226B58FE00822CC3 /* ADJLogger.m in Sources */,
				59CFFA1E226B58FE00822CC3 /* ADJTimerOnce.m in Sources */,
				963909B71BCC0D8300A2E8A4 /* main.m in Sources */,
				59CFFA25226B58FE00822CC3 /* ADJEventFailure.m in Sources */,
			);
			runOnlyForDeploymentPostprocessing = 0;
		};
/* End PBXSourcesBuildPhase section */

/* Begin PBXVariantGroup section */
		963909BE1BCC0D8300A2E8A4 /* Main.storyboard */ = {
			isa = PBXVariantGroup;
			children = (
				963909BF1BCC0D8300A2E8A4 /* Base */,
			);
			name = Main.storyboard;
			sourceTree = "<group>";
		};
/* End PBXVariantGroup section */

/* Begin XCBuildConfiguration section */
		963909C41BCC0D8300A2E8A4 /* Debug */ = {
			isa = XCBuildConfiguration;
			buildSettings = {
				ALWAYS_SEARCH_USER_PATHS = NO;
				CLANG_CXX_LANGUAGE_STANDARD = "gnu++0x";
				CLANG_CXX_LIBRARY = "libc++";
				CLANG_ENABLE_MODULES = YES;
				CLANG_ENABLE_OBJC_ARC = YES;
				CLANG_WARN_BLOCK_CAPTURE_AUTORELEASING = YES;
				CLANG_WARN_BOOL_CONVERSION = YES;
				CLANG_WARN_COMMA = YES;
				CLANG_WARN_CONSTANT_CONVERSION = YES;
				CLANG_WARN_DEPRECATED_OBJC_IMPLEMENTATIONS = YES;
				CLANG_WARN_DIRECT_OBJC_ISA_USAGE = YES_ERROR;
				CLANG_WARN_EMPTY_BODY = YES;
				CLANG_WARN_ENUM_CONVERSION = YES;
				CLANG_WARN_INFINITE_RECURSION = YES;
				CLANG_WARN_INT_CONVERSION = YES;
				CLANG_WARN_NON_LITERAL_NULL_CONVERSION = YES;
				CLANG_WARN_OBJC_IMPLICIT_RETAIN_SELF = YES;
				CLANG_WARN_OBJC_LITERAL_CONVERSION = YES;
				CLANG_WARN_OBJC_ROOT_CLASS = YES_ERROR;
				CLANG_WARN_RANGE_LOOP_ANALYSIS = YES;
				CLANG_WARN_STRICT_PROTOTYPES = YES;
				CLANG_WARN_SUSPICIOUS_MOVE = YES;
				CLANG_WARN_UNREACHABLE_CODE = YES;
				CLANG_WARN__DUPLICATE_METHOD_MATCH = YES;
				COPY_PHASE_STRIP = NO;
				DEBUG_INFORMATION_FORMAT = dwarf;
				ENABLE_STRICT_OBJC_MSGSEND = YES;
				ENABLE_TESTABILITY = YES;
				GCC_C_LANGUAGE_STANDARD = gnu99;
				GCC_DYNAMIC_NO_PIC = NO;
				GCC_NO_COMMON_BLOCKS = YES;
				GCC_OPTIMIZATION_LEVEL = 0;
				GCC_PREPROCESSOR_DEFINITIONS = (
					"DEBUG=1",
					"$(inherited)",
				);
				GCC_WARN_64_TO_32_BIT_CONVERSION = YES;
				GCC_WARN_ABOUT_RETURN_TYPE = YES_ERROR;
				GCC_WARN_UNDECLARED_SELECTOR = YES;
				GCC_WARN_UNINITIALIZED_AUTOS = YES_AGGRESSIVE;
				GCC_WARN_UNUSED_FUNCTION = YES;
				GCC_WARN_UNUSED_VARIABLE = YES;
				MTL_ENABLE_DEBUG_INFO = YES;
				ONLY_ACTIVE_ARCH = YES;
				OTHER_LDFLAGS = "-ObjC";
				SDKROOT = appletvos;
				TARGETED_DEVICE_FAMILY = 3;
				TVOS_DEPLOYMENT_TARGET = 9.0;
			};
			name = Debug;
		};
		963909C51BCC0D8300A2E8A4 /* Release */ = {
			isa = XCBuildConfiguration;
			buildSettings = {
				ALWAYS_SEARCH_USER_PATHS = NO;
				CLANG_CXX_LANGUAGE_STANDARD = "gnu++0x";
				CLANG_CXX_LIBRARY = "libc++";
				CLANG_ENABLE_MODULES = YES;
				CLANG_ENABLE_OBJC_ARC = YES;
				CLANG_WARN_BLOCK_CAPTURE_AUTORELEASING = YES;
				CLANG_WARN_BOOL_CONVERSION = YES;
				CLANG_WARN_COMMA = YES;
				CLANG_WARN_CONSTANT_CONVERSION = YES;
				CLANG_WARN_DEPRECATED_OBJC_IMPLEMENTATIONS = YES;
				CLANG_WARN_DIRECT_OBJC_ISA_USAGE = YES_ERROR;
				CLANG_WARN_EMPTY_BODY = YES;
				CLANG_WARN_ENUM_CONVERSION = YES;
				CLANG_WARN_INFINITE_RECURSION = YES;
				CLANG_WARN_INT_CONVERSION = YES;
				CLANG_WARN_NON_LITERAL_NULL_CONVERSION = YES;
				CLANG_WARN_OBJC_IMPLICIT_RETAIN_SELF = YES;
				CLANG_WARN_OBJC_LITERAL_CONVERSION = YES;
				CLANG_WARN_OBJC_ROOT_CLASS = YES_ERROR;
				CLANG_WARN_RANGE_LOOP_ANALYSIS = YES;
				CLANG_WARN_STRICT_PROTOTYPES = YES;
				CLANG_WARN_SUSPICIOUS_MOVE = YES;
				CLANG_WARN_UNREACHABLE_CODE = YES;
				CLANG_WARN__DUPLICATE_METHOD_MATCH = YES;
				COPY_PHASE_STRIP = NO;
				DEBUG_INFORMATION_FORMAT = "dwarf-with-dsym";
				ENABLE_NS_ASSERTIONS = NO;
				ENABLE_STRICT_OBJC_MSGSEND = YES;
				GCC_C_LANGUAGE_STANDARD = gnu99;
				GCC_NO_COMMON_BLOCKS = YES;
				GCC_WARN_64_TO_32_BIT_CONVERSION = YES;
				GCC_WARN_ABOUT_RETURN_TYPE = YES_ERROR;
				GCC_WARN_UNDECLARED_SELECTOR = YES;
				GCC_WARN_UNINITIALIZED_AUTOS = YES_AGGRESSIVE;
				GCC_WARN_UNUSED_FUNCTION = YES;
				GCC_WARN_UNUSED_VARIABLE = YES;
				MTL_ENABLE_DEBUG_INFO = NO;
				OTHER_LDFLAGS = "-ObjC";
				SDKROOT = appletvos;
				TARGETED_DEVICE_FAMILY = 3;
				TVOS_DEPLOYMENT_TARGET = 9.0;
				VALIDATE_PRODUCT = YES;
			};
			name = Release;
		};
		963909C71BCC0D8300A2E8A4 /* Debug */ = {
			isa = XCBuildConfiguration;
			buildSettings = {
				ASSETCATALOG_COMPILER_APPICON_NAME = "App Icon & Top Shelf Image";
				ASSETCATALOG_COMPILER_LAUNCHIMAGE_NAME = LaunchImage;
				CODE_SIGN_IDENTITY = "iPhone Developer";
				"CODE_SIGN_IDENTITY[sdk=appletvos*]" = "iPhone Developer";
				DEVELOPMENT_TEAM = QGUGW9AUMK;
				FRAMEWORK_SEARCH_PATHS = "$(inherited)";
				INFOPLIST_FILE = "AdjustExample-tvOS/Info.plist";
				LD_RUNPATH_SEARCH_PATHS = "$(inherited) @executable_path/Frameworks";
				PRODUCT_BUNDLE_IDENTIFIER = com.adjust.examples;
				PRODUCT_NAME = "$(TARGET_NAME)";
				TVOS_DEPLOYMENT_TARGET = 9.0;
			};
			name = Debug;
		};
		963909C81BCC0D8300A2E8A4 /* Release */ = {
			isa = XCBuildConfiguration;
			buildSettings = {
				ASSETCATALOG_COMPILER_APPICON_NAME = "App Icon & Top Shelf Image";
				ASSETCATALOG_COMPILER_LAUNCHIMAGE_NAME = LaunchImage;
				CODE_SIGN_IDENTITY = "iPhone Developer";
				"CODE_SIGN_IDENTITY[sdk=appletvos*]" = "iPhone Developer";
				DEVELOPMENT_TEAM = QGUGW9AUMK;
				FRAMEWORK_SEARCH_PATHS = "$(inherited)";
				INFOPLIST_FILE = "AdjustExample-tvOS/Info.plist";
				LD_RUNPATH_SEARCH_PATHS = "$(inherited) @executable_path/Frameworks";
				PRODUCT_BUNDLE_IDENTIFIER = com.adjust.examples;
				PRODUCT_NAME = "$(TARGET_NAME)";
				TVOS_DEPLOYMENT_TARGET = 9.0;
			};
			name = Release;
		};
/* End XCBuildConfiguration section */

/* Begin XCConfigurationList section */
		963909AD1BCC0D8300A2E8A4 /* Build configuration list for PBXProject "AdjustExample-tvOS" */ = {
			isa = XCConfigurationList;
			buildConfigurations = (
				963909C41BCC0D8300A2E8A4 /* Debug */,
				963909C51BCC0D8300A2E8A4 /* Release */,
			);
			defaultConfigurationIsVisible = 0;
			defaultConfigurationName = Release;
		};
		963909C61BCC0D8300A2E8A4 /* Build configuration list for PBXNativeTarget "AdjustExample-tvOS" */ = {
			isa = XCConfigurationList;
			buildConfigurations = (
				963909C71BCC0D8300A2E8A4 /* Debug */,
				963909C81BCC0D8300A2E8A4 /* Release */,
			);
			defaultConfigurationIsVisible = 0;
			defaultConfigurationName = Release;
		};
/* End XCConfigurationList section */
	};
	rootObject = 963909AA1BCC0D8300A2E8A4 /* Project object */;
}
