// !$*UTF8*$!
{
	archiveVersion = 1;
	classes = {
	};
	objectVersion = 46;
	objects = {

/* Begin PBXBuildFile section */
		9DF7A9C61CB4ECA600D3591F /* AppDelegate.swift in Sources */ = {isa = PBXBuildFile; fileRef = 9DF7A9C51CB4ECA600D3591F /* AppDelegate.swift */; };
		9DF7A9C81CB4ECA600D3591F /* ViewControllerSwift.swift in Sources */ = {isa = PBXBuildFile; fileRef = 9DF7A9C71CB4ECA600D3591F /* ViewControllerSwift.swift */; };
		9DF7A9CB1CB4ECA600D3591F /* Main.storyboard in Resources */ = {isa = PBXBuildFile; fileRef = 9DF7A9C91CB4ECA600D3591F /* Main.storyboard */; };
		9DF7A9CD1CB4ECA600D3591F /* Assets.xcassets in Resources */ = {isa = PBXBuildFile; fileRef = 9DF7A9CC1CB4ECA600D3591F /* Assets.xcassets */; };
		9DF7A9D01CB4ECA600D3591F /* LaunchScreen.storyboard in Resources */ = {isa = PBXBuildFile; fileRef = 9DF7A9CE1CB4ECA600D3591F /* LaunchScreen.storyboard */; };
		9DFB04C21D745B22006D48FC /* iAd.framework in Frameworks */ = {isa = PBXBuildFile; fileRef = 9DFB04C11D745B22006D48FC /* iAd.framework */; };
		9DFB04C41D745B28006D48FC /* AdSupport.framework in Frameworks */ = {isa = PBXBuildFile; fileRef = 9DFB04C31D745B28006D48FC /* AdSupport.framework */; };
		B011453B25084A62003B86F9 /* ADTLogger.m in Sources */ = {isa = PBXBuildFile; fileRef = B01144F325084A62003B86F9 /* ADTLogger.m */; };
		B011453C25084A62003B86F9 /* ADTKeychain.m in Sources */ = {isa = PBXBuildFile; fileRef = B01144F425084A62003B86F9 /* ADTKeychain.m */; };
		B011453D25084A62003B86F9 /* ADTAdtraceFactory.m in Sources */ = {isa = PBXBuildFile; fileRef = B01144F525084A62003B86F9 /* ADTAdtraceFactory.m */; };
		B011453E25084A62003B86F9 /* ADTTimerOnce.m in Sources */ = {isa = PBXBuildFile; fileRef = B01144F725084A62003B86F9 /* ADTTimerOnce.m */; };
		B011453F25084A62003B86F9 /* ADTPackageHandler.m in Sources */ = {isa = PBXBuildFile; fileRef = B01144F825084A62003B86F9 /* ADTPackageHandler.m */; };
		B011454025084A62003B86F9 /* ADTBackoffStrategy.m in Sources */ = {isa = PBXBuildFile; fileRef = B01144F925084A62003B86F9 /* ADTBackoffStrategy.m */; };
		B011454125084A62003B86F9 /* ADTActivityKind.m in Sources */ = {isa = PBXBuildFile; fileRef = B01144FA25084A62003B86F9 /* ADTActivityKind.m */; };
		B011454225084A62003B86F9 /* ADTSystemProfile.m in Sources */ = {isa = PBXBuildFile; fileRef = B01144FE25084A62003B86F9 /* ADTSystemProfile.m */; };
		B011454325084A62003B86F9 /* ADTSubscription.m in Sources */ = {isa = PBXBuildFile; fileRef = B011450725084A62003B86F9 /* ADTSubscription.m */; };
		B011454425084A62003B86F9 /* ADTResponseData.m in Sources */ = {isa = PBXBuildFile; fileRef = B011450825084A62003B86F9 /* ADTResponseData.m */; };
		B011454525084A62003B86F9 /* ADTPackageBuilder.m in Sources */ = {isa = PBXBuildFile; fileRef = B011450A25084A62003B86F9 /* ADTPackageBuilder.m */; };
		B011454625084A62003B86F9 /* ADTSdkClickHandler.m in Sources */ = {isa = PBXBuildFile; fileRef = B011450B25084A62003B86F9 /* ADTSdkClickHandler.m */; };
		B011454725084A62003B86F9 /* ADTUserDefaults.m in Sources */ = {isa = PBXBuildFile; fileRef = B011450D25084A62003B86F9 /* ADTUserDefaults.m */; };
		B011454825084A62003B86F9 /* ADTEvent.m in Sources */ = {isa = PBXBuildFile; fileRef = B011450E25084A62003B86F9 /* ADTEvent.m */; };
		B011454925084A62003B86F9 /* ADTReachability.m in Sources */ = {isa = PBXBuildFile; fileRef = B011450F25084A62003B86F9 /* ADTReachability.m */; };
		B011454A25084A62003B86F9 /* ADTAttributionHandler.m in Sources */ = {isa = PBXBuildFile; fileRef = B011451025084A62003B86F9 /* ADTAttributionHandler.m */; };
		B011454B25084A62003B86F9 /* ADTAttribution.m in Sources */ = {isa = PBXBuildFile; fileRef = B011451425084A62003B86F9 /* ADTAttribution.m */; };
		B011454C25084A62003B86F9 /* NSString+ADTAdditions.m in Sources */ = {isa = PBXBuildFile; fileRef = B011451625084A62003B86F9 /* NSString+ADTAdditions.m */; };
		B011454D25084A62003B86F9 /* NSData+ADTAdditions.m in Sources */ = {isa = PBXBuildFile; fileRef = B011451725084A62003B86F9 /* NSData+ADTAdditions.m */; };
		B011454E25084A62003B86F9 /* UIDevice+ADTAdditions.m in Sources */ = {isa = PBXBuildFile; fileRef = B011451925084A62003B86F9 /* UIDevice+ADTAdditions.m */; };
		B011454F25084A62003B86F9 /* ADTRequestHandler.m in Sources */ = {isa = PBXBuildFile; fileRef = B011451F25084A62003B86F9 /* ADTRequestHandler.m */; };
		B011455025084A62003B86F9 /* ADTActivityHandler.m in Sources */ = {isa = PBXBuildFile; fileRef = B011452125084A62003B86F9 /* ADTActivityHandler.m */; };
		B011455125084A62003B86F9 /* ADTUtil.m in Sources */ = {isa = PBXBuildFile; fileRef = B011452225084A62003B86F9 /* ADTUtil.m */; };
		B011455225084A62003B86F9 /* ADTDeviceInfo.m in Sources */ = {isa = PBXBuildFile; fileRef = B011452325084A62003B86F9 /* ADTDeviceInfo.m */; };
		B011455325084A62003B86F9 /* ADTEventFailure.m in Sources */ = {isa = PBXBuildFile; fileRef = B011452725084A62003B86F9 /* ADTEventFailure.m */; };
		B011455425084A62003B86F9 /* ADTSessionSuccess.m in Sources */ = {isa = PBXBuildFile; fileRef = B011452B25084A62003B86F9 /* ADTSessionSuccess.m */; };
		B011455525084A62003B86F9 /* ADTSessionFailure.m in Sources */ = {isa = PBXBuildFile; fileRef = B011452C25084A62003B86F9 /* ADTSessionFailure.m */; };
		B011455625084A62003B86F9 /* ADTSessionParameters.m in Sources */ = {isa = PBXBuildFile; fileRef = B011452D25084A62003B86F9 /* ADTSessionParameters.m */; };
		B011455725084A62003B86F9 /* Adtrace.m in Sources */ = {isa = PBXBuildFile; fileRef = B011452E25084A62003B86F9 /* Adtrace.m */; };
		B011455825084A62003B86F9 /* ADTActivityState.m in Sources */ = {isa = PBXBuildFile; fileRef = B011452F25084A62003B86F9 /* ADTActivityState.m */; };
		B011455925084A62003B86F9 /* ADTEventSuccess.m in Sources */ = {isa = PBXBuildFile; fileRef = B011453025084A62003B86F9 /* ADTEventSuccess.m */; };
		B011455A25084A62003B86F9 /* ADTTimerCycle.m in Sources */ = {isa = PBXBuildFile; fileRef = B011453125084A62003B86F9 /* ADTTimerCycle.m */; };
		B011455B25084A62003B86F9 /* ADTActivityPackage.m in Sources */ = {isa = PBXBuildFile; fileRef = B011453225084A62003B86F9 /* ADTActivityPackage.m */; };
		B011455C25084A62003B86F9 /* ADTConfig.m in Sources */ = {isa = PBXBuildFile; fileRef = B011453425084A62003B86F9 /* ADTConfig.m */; };
		B011455E25084A62003B86F9 /* ADTUrlStrategy.m in Sources */ = {isa = PBXBuildFile; fileRef = B011453925084A62003B86F9 /* ADTUrlStrategy.m */; };
/* End PBXBuildFile section */

/* Begin PBXFileReference section */
		44BEF700233F9DC0001015AB /* AdtraceExample-Swift.entitlements */ = {isa = PBXFileReference; lastKnownFileType = text.plist.entitlements; path = "AdtraceExample-Swift.entitlements"; sourceTree = "<group>"; };
		9DF7A9C21CB4ECA600D3591F /* AdtraceExample-Swift.app */ = {isa = PBXFileReference; explicitFileType = wrapper.application; includeInIndex = 0; path = "AdtraceExample-Swift.app"; sourceTree = BUILT_PRODUCTS_DIR; };
		9DF7A9C51CB4ECA600D3591F /* AppDelegate.swift */ = {isa = PBXFileReference; lastKnownFileType = sourcecode.swift; path = AppDelegate.swift; sourceTree = "<group>"; };
		9DF7A9C71CB4ECA600D3591F /* ViewControllerSwift.swift */ = {isa = PBXFileReference; lastKnownFileType = sourcecode.swift; path = ViewControllerSwift.swift; sourceTree = "<group>"; };
		9DF7A9CA1CB4ECA600D3591F /* Base */ = {isa = PBXFileReference; lastKnownFileType = file.storyboard; name = Base; path = Base.lproj/Main.storyboard; sourceTree = "<group>"; };
		9DF7A9CC1CB4ECA600D3591F /* Assets.xcassets */ = {isa = PBXFileReference; lastKnownFileType = folder.assetcatalog; path = Assets.xcassets; sourceTree = "<group>"; };
		9DF7A9CF1CB4ECA600D3591F /* Base */ = {isa = PBXFileReference; lastKnownFileType = file.storyboard; name = Base; path = Base.lproj/LaunchScreen.storyboard; sourceTree = "<group>"; };
		9DF7A9D11CB4ECA600D3591F /* Info.plist */ = {isa = PBXFileReference; lastKnownFileType = text.plist.xml; path = Info.plist; sourceTree = "<group>"; };
		9DF7A9DF1CB4F01B00D3591F /* AdtraceExample-Swift-Bridging-Header.h */ = {isa = PBXFileReference; lastKnownFileType = sourcecode.c.h; path = "AdtraceExample-Swift-Bridging-Header.h"; sourceTree = "<group>"; };
		9DFB04C11D745B22006D48FC /* iAd.framework */ = {isa = PBXFileReference; lastKnownFileType = wrapper.framework; name = iAd.framework; path = System/Library/Frameworks/iAd.framework; sourceTree = SDKROOT; };
		9DFB04C31D745B28006D48FC /* AdSupport.framework */ = {isa = PBXFileReference; lastKnownFileType = wrapper.framework; name = AdSupport.framework; path = System/Library/Frameworks/AdSupport.framework; sourceTree = SDKROOT; };
		B01144F325084A62003B86F9 /* ADTLogger.m */ = {isa = PBXFileReference; fileEncoding = 4; lastKnownFileType = sourcecode.c.objc; path = ADTLogger.m; sourceTree = "<group>"; };
		B01144F425084A62003B86F9 /* ADTKeychain.m */ = {isa = PBXFileReference; fileEncoding = 4; lastKnownFileType = sourcecode.c.objc; path = ADTKeychain.m; sourceTree = "<group>"; };
		B01144F525084A62003B86F9 /* ADTAdtraceFactory.m */ = {isa = PBXFileReference; fileEncoding = 4; lastKnownFileType = sourcecode.c.objc; path = ADTAdtraceFactory.m; sourceTree = "<group>"; };
		B01144F625084A62003B86F9 /* ADTAttribution.h */ = {isa = PBXFileReference; fileEncoding = 4; lastKnownFileType = sourcecode.c.h; path = ADTAttribution.h; sourceTree = "<group>"; };
		B01144F725084A62003B86F9 /* ADTTimerOnce.m */ = {isa = PBXFileReference; fileEncoding = 4; lastKnownFileType = sourcecode.c.objc; path = ADTTimerOnce.m; sourceTree = "<group>"; };
		B01144F825084A62003B86F9 /* ADTPackageHandler.m */ = {isa = PBXFileReference; fileEncoding = 4; lastKnownFileType = sourcecode.c.objc; path = ADTPackageHandler.m; sourceTree = "<group>"; };
		B01144F925084A62003B86F9 /* ADTBackoffStrategy.m */ = {isa = PBXFileReference; fileEncoding = 4; lastKnownFileType = sourcecode.c.objc; path = ADTBackoffStrategy.m; sourceTree = "<group>"; };
		B01144FA25084A62003B86F9 /* ADTActivityKind.m */ = {isa = PBXFileReference; fileEncoding = 4; lastKnownFileType = sourcecode.c.objc; path = ADTActivityKind.m; sourceTree = "<group>"; };
		B01144FB25084A62003B86F9 /* ADTDeviceInfo.h */ = {isa = PBXFileReference; fileEncoding = 4; lastKnownFileType = sourcecode.c.h; path = ADTDeviceInfo.h; sourceTree = "<group>"; };
		B01144FC25084A62003B86F9 /* ADTUtil.h */ = {isa = PBXFileReference; fileEncoding = 4; lastKnownFileType = sourcecode.c.h; path = ADTUtil.h; sourceTree = "<group>"; };
		B01144FD25084A62003B86F9 /* ADTActivityHandler.h */ = {isa = PBXFileReference; fileEncoding = 4; lastKnownFileType = sourcecode.c.h; path = ADTActivityHandler.h; sourceTree = "<group>"; };
		B01144FE25084A62003B86F9 /* ADTSystemProfile.m */ = {isa = PBXFileReference; fileEncoding = 4; lastKnownFileType = sourcecode.c.objc; path = ADTSystemProfile.m; sourceTree = "<group>"; };
		B01144FF25084A62003B86F9 /* ADTRequestHandler.h */ = {isa = PBXFileReference; fileEncoding = 4; lastKnownFileType = sourcecode.c.h; path = ADTRequestHandler.h; sourceTree = "<group>"; };
		B011450025084A62003B86F9 /* ADTTimerCycle.h */ = {isa = PBXFileReference; fileEncoding = 4; lastKnownFileType = sourcecode.c.h; path = ADTTimerCycle.h; sourceTree = "<group>"; };
		B011450125084A62003B86F9 /* ADTEventSuccess.h */ = {isa = PBXFileReference; fileEncoding = 4; lastKnownFileType = sourcecode.c.h; path = ADTEventSuccess.h; sourceTree = "<group>"; };
		B011450225084A62003B86F9 /* ADTActivityState.h */ = {isa = PBXFileReference; fileEncoding = 4; lastKnownFileType = sourcecode.c.h; path = ADTActivityState.h; sourceTree = "<group>"; };
		B011450325084A62003B86F9 /* Adtrace.h */ = {isa = PBXFileReference; fileEncoding = 4; lastKnownFileType = sourcecode.c.h; path = Adtrace.h; sourceTree = "<group>"; };
		B011450425084A62003B86F9 /* ADTSessionParameters.h */ = {isa = PBXFileReference; fileEncoding = 4; lastKnownFileType = sourcecode.c.h; path = ADTSessionParameters.h; sourceTree = "<group>"; };
		B011450525084A62003B86F9 /* ADTSessionFailure.h */ = {isa = PBXFileReference; fileEncoding = 4; lastKnownFileType = sourcecode.c.h; path = ADTSessionFailure.h; sourceTree = "<group>"; };
		B011450625084A62003B86F9 /* ADTSessionSuccess.h */ = {isa = PBXFileReference; fileEncoding = 4; lastKnownFileType = sourcecode.c.h; path = ADTSessionSuccess.h; sourceTree = "<group>"; };
		B011450725084A62003B86F9 /* ADTSubscription.m */ = {isa = PBXFileReference; fileEncoding = 4; lastKnownFileType = sourcecode.c.objc; path = ADTSubscription.m; sourceTree = "<group>"; };
		B011450825084A62003B86F9 /* ADTResponseData.m */ = {isa = PBXFileReference; fileEncoding = 4; lastKnownFileType = sourcecode.c.objc; path = ADTResponseData.m; sourceTree = "<group>"; };
		B011450925084A62003B86F9 /* ADTEventFailure.h */ = {isa = PBXFileReference; fileEncoding = 4; lastKnownFileType = sourcecode.c.h; path = ADTEventFailure.h; sourceTree = "<group>"; };
		B011450A25084A62003B86F9 /* ADTPackageBuilder.m */ = {isa = PBXFileReference; fileEncoding = 4; lastKnownFileType = sourcecode.c.objc; path = ADTPackageBuilder.m; sourceTree = "<group>"; };
		B011450B25084A62003B86F9 /* ADTSdkClickHandler.m */ = {isa = PBXFileReference; fileEncoding = 4; lastKnownFileType = sourcecode.c.objc; path = ADTSdkClickHandler.m; sourceTree = "<group>"; };
		B011450C25084A62003B86F9 /* ADTUrlStrategy.h */ = {isa = PBXFileReference; fileEncoding = 4; lastKnownFileType = sourcecode.c.h; path = ADTUrlStrategy.h; sourceTree = "<group>"; };
		B011450D25084A62003B86F9 /* ADTUserDefaults.m */ = {isa = PBXFileReference; fileEncoding = 4; lastKnownFileType = sourcecode.c.objc; path = ADTUserDefaults.m; sourceTree = "<group>"; };
		B011450E25084A62003B86F9 /* ADTEvent.m */ = {isa = PBXFileReference; fileEncoding = 4; lastKnownFileType = sourcecode.c.objc; path = ADTEvent.m; sourceTree = "<group>"; };
		B011450F25084A62003B86F9 /* ADTReachability.m */ = {isa = PBXFileReference; fileEncoding = 4; lastKnownFileType = sourcecode.c.objc; path = ADTReachability.m; sourceTree = "<group>"; };
		B011451025084A62003B86F9 /* ADTAttributionHandler.m */ = {isa = PBXFileReference; fileEncoding = 4; lastKnownFileType = sourcecode.c.objc; path = ADTAttributionHandler.m; sourceTree = "<group>"; };
		B011451125084A62003B86F9 /* ADTConfig.h */ = {isa = PBXFileReference; fileEncoding = 4; lastKnownFileType = sourcecode.c.h; path = ADTConfig.h; sourceTree = "<group>"; };
		B011451225084A62003B86F9 /* ADTActivityPackage.h */ = {isa = PBXFileReference; fileEncoding = 4; lastKnownFileType = sourcecode.c.h; path = ADTActivityPackage.h; sourceTree = "<group>"; };
		B011451325084A62003B86F9 /* ADTTimerOnce.h */ = {isa = PBXFileReference; fileEncoding = 4; lastKnownFileType = sourcecode.c.h; path = ADTTimerOnce.h; sourceTree = "<group>"; };
		B011451425084A62003B86F9 /* ADTAttribution.m */ = {isa = PBXFileReference; fileEncoding = 4; lastKnownFileType = sourcecode.c.objc; path = ADTAttribution.m; sourceTree = "<group>"; };
		B011451625084A62003B86F9 /* NSString+ADTAdditions.m */ = {isa = PBXFileReference; fileEncoding = 4; lastKnownFileType = sourcecode.c.objc; path = "NSString+ADTAdditions.m"; sourceTree = "<group>"; };
		B011451725084A62003B86F9 /* NSData+ADTAdditions.m */ = {isa = PBXFileReference; fileEncoding = 4; lastKnownFileType = sourcecode.c.objc; path = "NSData+ADTAdditions.m"; sourceTree = "<group>"; };
		B011451825084A62003B86F9 /* UIDevice+ADTAdditions.h */ = {isa = PBXFileReference; fileEncoding = 4; lastKnownFileType = sourcecode.c.h; path = "UIDevice+ADTAdditions.h"; sourceTree = "<group>"; };
		B011451925084A62003B86F9 /* UIDevice+ADTAdditions.m */ = {isa = PBXFileReference; fileEncoding = 4; lastKnownFileType = sourcecode.c.objc; path = "UIDevice+ADTAdditions.m"; sourceTree = "<group>"; };
		B011451A25084A62003B86F9 /* NSData+ADTAdditions.h */ = {isa = PBXFileReference; fileEncoding = 4; lastKnownFileType = sourcecode.c.h; path = "NSData+ADTAdditions.h"; sourceTree = "<group>"; };
		B011451B25084A62003B86F9 /* NSString+ADTAdditions.h */ = {isa = PBXFileReference; fileEncoding = 4; lastKnownFileType = sourcecode.c.h; path = "NSString+ADTAdditions.h"; sourceTree = "<group>"; };
		B011451C25084A62003B86F9 /* ADTAdtraceFactory.h */ = {isa = PBXFileReference; fileEncoding = 4; lastKnownFileType = sourcecode.c.h; path = ADTAdtraceFactory.h; sourceTree = "<group>"; };
		B011451D25084A62003B86F9 /* ADTKeychain.h */ = {isa = PBXFileReference; fileEncoding = 4; lastKnownFileType = sourcecode.c.h; path = ADTKeychain.h; sourceTree = "<group>"; };
		B011451E25084A62003B86F9 /* ADTLogger.h */ = {isa = PBXFileReference; fileEncoding = 4; lastKnownFileType = sourcecode.c.h; path = ADTLogger.h; sourceTree = "<group>"; };
		B011451F25084A62003B86F9 /* ADTRequestHandler.m */ = {isa = PBXFileReference; fileEncoding = 4; lastKnownFileType = sourcecode.c.objc; path = ADTRequestHandler.m; sourceTree = "<group>"; };
		B011452025084A62003B86F9 /* ADTSystemProfile.h */ = {isa = PBXFileReference; fileEncoding = 4; lastKnownFileType = sourcecode.c.h; path = ADTSystemProfile.h; sourceTree = "<group>"; };
		B011452125084A62003B86F9 /* ADTActivityHandler.m */ = {isa = PBXFileReference; fileEncoding = 4; lastKnownFileType = sourcecode.c.objc; path = ADTActivityHandler.m; sourceTree = "<group>"; };
		B011452225084A62003B86F9 /* ADTUtil.m */ = {isa = PBXFileReference; fileEncoding = 4; lastKnownFileType = sourcecode.c.objc; path = ADTUtil.m; sourceTree = "<group>"; };
		B011452325084A62003B86F9 /* ADTDeviceInfo.m */ = {isa = PBXFileReference; fileEncoding = 4; lastKnownFileType = sourcecode.c.objc; path = ADTDeviceInfo.m; sourceTree = "<group>"; };
		B011452425084A62003B86F9 /* ADTActivityKind.h */ = {isa = PBXFileReference; fileEncoding = 4; lastKnownFileType = sourcecode.c.h; path = ADTActivityKind.h; sourceTree = "<group>"; };
		B011452525084A62003B86F9 /* ADTBackoffStrategy.h */ = {isa = PBXFileReference; fileEncoding = 4; lastKnownFileType = sourcecode.c.h; path = ADTBackoffStrategy.h; sourceTree = "<group>"; };
		B011452625084A62003B86F9 /* ADTPackageHandler.h */ = {isa = PBXFileReference; fileEncoding = 4; lastKnownFileType = sourcecode.c.h; path = ADTPackageHandler.h; sourceTree = "<group>"; };
		B011452725084A62003B86F9 /* ADTEventFailure.m */ = {isa = PBXFileReference; fileEncoding = 4; lastKnownFileType = sourcecode.c.objc; path = ADTEventFailure.m; sourceTree = "<group>"; };
		B011452825084A62003B86F9 /* ADTPackageBuilder.h */ = {isa = PBXFileReference; fileEncoding = 4; lastKnownFileType = sourcecode.c.h; path = ADTPackageBuilder.h; sourceTree = "<group>"; };
		B011452925084A62003B86F9 /* ADTResponseData.h */ = {isa = PBXFileReference; fileEncoding = 4; lastKnownFileType = sourcecode.c.h; path = ADTResponseData.h; sourceTree = "<group>"; };
		B011452A25084A62003B86F9 /* ADTSubscription.h */ = {isa = PBXFileReference; fileEncoding = 4; lastKnownFileType = sourcecode.c.h; path = ADTSubscription.h; sourceTree = "<group>"; };
		B011452B25084A62003B86F9 /* ADTSessionSuccess.m */ = {isa = PBXFileReference; fileEncoding = 4; lastKnownFileType = sourcecode.c.objc; path = ADTSessionSuccess.m; sourceTree = "<group>"; };
		B011452C25084A62003B86F9 /* ADTSessionFailure.m */ = {isa = PBXFileReference; fileEncoding = 4; lastKnownFileType = sourcecode.c.objc; path = ADTSessionFailure.m; sourceTree = "<group>"; };
		B011452D25084A62003B86F9 /* ADTSessionParameters.m */ = {isa = PBXFileReference; fileEncoding = 4; lastKnownFileType = sourcecode.c.objc; path = ADTSessionParameters.m; sourceTree = "<group>"; };
		B011452E25084A62003B86F9 /* Adtrace.m */ = {isa = PBXFileReference; fileEncoding = 4; lastKnownFileType = sourcecode.c.objc; path = Adtrace.m; sourceTree = "<group>"; };
		B011452F25084A62003B86F9 /* ADTActivityState.m */ = {isa = PBXFileReference; fileEncoding = 4; lastKnownFileType = sourcecode.c.objc; path = ADTActivityState.m; sourceTree = "<group>"; };
		B011453025084A62003B86F9 /* ADTEventSuccess.m */ = {isa = PBXFileReference; fileEncoding = 4; lastKnownFileType = sourcecode.c.objc; path = ADTEventSuccess.m; sourceTree = "<group>"; };
		B011453125084A62003B86F9 /* ADTTimerCycle.m */ = {isa = PBXFileReference; fileEncoding = 4; lastKnownFileType = sourcecode.c.objc; path = ADTTimerCycle.m; sourceTree = "<group>"; };
		B011453225084A62003B86F9 /* ADTActivityPackage.m */ = {isa = PBXFileReference; fileEncoding = 4; lastKnownFileType = sourcecode.c.objc; path = ADTActivityPackage.m; sourceTree = "<group>"; };
		B011453325084A62003B86F9 /* ADTAttributionHandler.h */ = {isa = PBXFileReference; fileEncoding = 4; lastKnownFileType = sourcecode.c.h; path = ADTAttributionHandler.h; sourceTree = "<group>"; };
		B011453425084A62003B86F9 /* ADTConfig.m */ = {isa = PBXFileReference; fileEncoding = 4; lastKnownFileType = sourcecode.c.objc; path = ADTConfig.m; sourceTree = "<group>"; };
		B011453525084A62003B86F9 /* ADTReachability.h */ = {isa = PBXFileReference; fileEncoding = 4; lastKnownFileType = sourcecode.c.h; path = ADTReachability.h; sourceTree = "<group>"; };
		B011453625084A62003B86F9 /* Info.plist */ = {isa = PBXFileReference; fileEncoding = 4; lastKnownFileType = text.plist.xml; path = Info.plist; sourceTree = "<group>"; };
		B011453725084A62003B86F9 /* ADTUserDefaults.h */ = {isa = PBXFileReference; fileEncoding = 4; lastKnownFileType = sourcecode.c.h; path = ADTUserDefaults.h; sourceTree = "<group>"; };
		B011453825084A62003B86F9 /* ADTEvent.h */ = {isa = PBXFileReference; fileEncoding = 4; lastKnownFileType = sourcecode.c.h; path = ADTEvent.h; sourceTree = "<group>"; };
		B011453925084A62003B86F9 /* ADTUrlStrategy.m */ = {isa = PBXFileReference; fileEncoding = 4; lastKnownFileType = sourcecode.c.objc; path = ADTUrlStrategy.m; sourceTree = "<group>"; };
		B011453A25084A62003B86F9 /* ADTSdkClickHandler.h */ = {isa = PBXFileReference; fileEncoding = 4; lastKnownFileType = sourcecode.c.h; path = ADTSdkClickHandler.h; sourceTree = "<group>"; };
/* End PBXFileReference section */

/* Begin PBXFrameworksBuildPhase section */
		9DF7A9BF1CB4ECA600D3591F /* Frameworks */ = {
			isa = PBXFrameworksBuildPhase;
			buildActionMask = 2147483647;
			files = (
				9DFB04C21D745B22006D48FC /* iAd.framework in Frameworks */,
				9DFB04C41D745B28006D48FC /* AdSupport.framework in Frameworks */,
			);
			runOnlyForDeploymentPostprocessing = 0;
		};
/* End PBXFrameworksBuildPhase section */

/* Begin PBXGroup section */
		44BEF701233F9DC0001015AB /* Frameworks */ = {
			isa = PBXGroup;
			children = (
			);
			name = Frameworks;
			sourceTree = "<group>";
		};
		9DF7A9B91CB4ECA600D3591F = {
			isa = PBXGroup;
			children = (
				9DF7A9C41CB4ECA600D3591F /* AdtraceExample-Swift */,
				9DF7A9C31CB4ECA600D3591F /* Products */,
				44BEF701233F9DC0001015AB /* Frameworks */,
			);
			sourceTree = "<group>";
		};
		9DF7A9C31CB4ECA600D3591F /* Products */ = {
			isa = PBXGroup;
			children = (
				9DF7A9C21CB4ECA600D3591F /* AdtraceExample-Swift.app */,
			);
			name = Products;
			sourceTree = "<group>";
		};
		9DF7A9C41CB4ECA600D3591F /* AdtraceExample-Swift */ = {
			isa = PBXGroup;
			children = (
				B01144F225084A62003B86F9 /* Adtrace */,
				44BEF700233F9DC0001015AB /* AdtraceExample-Swift.entitlements */,
				9DF7A9C51CB4ECA600D3591F /* AppDelegate.swift */,
				9DF7A9C71CB4ECA600D3591F /* ViewControllerSwift.swift */,
				9DF7A9C91CB4ECA600D3591F /* Main.storyboard */,
				9DF7A9CC1CB4ECA600D3591F /* Assets.xcassets */,
				9DF7A9CE1CB4ECA600D3591F /* LaunchScreen.storyboard */,
				9DF7A9D11CB4ECA600D3591F /* Info.plist */,
				9DF7A9DF1CB4F01B00D3591F /* AdtraceExample-Swift-Bridging-Header.h */,
				9DFB04C01D745B13006D48FC /* Frameworks */,
			);
			path = "AdtraceExample-Swift";
			sourceTree = "<group>";
		};
		9DFB04C01D745B13006D48FC /* Frameworks */ = {
			isa = PBXGroup;
			children = (
				9DFB04C11D745B22006D48FC /* iAd.framework */,
				9DFB04C31D745B28006D48FC /* AdSupport.framework */,
			);
			name = Frameworks;
			sourceTree = "<group>";
		};
		B01144F225084A62003B86F9 /* Adtrace */ = {
			isa = PBXGroup;
			children = (
				B01144F325084A62003B86F9 /* ADTLogger.m */,
				B01144F425084A62003B86F9 /* ADTKeychain.m */,
				B01144F525084A62003B86F9 /* ADTAdtraceFactory.m */,
				B01144F625084A62003B86F9 /* ADTAttribution.h */,
				B01144F725084A62003B86F9 /* ADTTimerOnce.m */,
				B01144F825084A62003B86F9 /* ADTPackageHandler.m */,
				B01144F925084A62003B86F9 /* ADTBackoffStrategy.m */,
				B01144FA25084A62003B86F9 /* ADTActivityKind.m */,
				B01144FB25084A62003B86F9 /* ADTDeviceInfo.h */,
				B01144FC25084A62003B86F9 /* ADTUtil.h */,
				B01144FD25084A62003B86F9 /* ADTActivityHandler.h */,
				B01144FE25084A62003B86F9 /* ADTSystemProfile.m */,
				B01144FF25084A62003B86F9 /* ADTRequestHandler.h */,
				B011450025084A62003B86F9 /* ADTTimerCycle.h */,
				B011450125084A62003B86F9 /* ADTEventSuccess.h */,
				B011450225084A62003B86F9 /* ADTActivityState.h */,
				B011450325084A62003B86F9 /* Adtrace.h */,
				B011450425084A62003B86F9 /* ADTSessionParameters.h */,
				B011450525084A62003B86F9 /* ADTSessionFailure.h */,
				B011450625084A62003B86F9 /* ADTSessionSuccess.h */,
				B011450725084A62003B86F9 /* ADTSubscription.m */,
				B011450825084A62003B86F9 /* ADTResponseData.m */,
				B011450925084A62003B86F9 /* ADTEventFailure.h */,
				B011450A25084A62003B86F9 /* ADTPackageBuilder.m */,
				B011450B25084A62003B86F9 /* ADTSdkClickHandler.m */,
				B011450C25084A62003B86F9 /* ADTUrlStrategy.h */,
				B011450D25084A62003B86F9 /* ADTUserDefaults.m */,
				B011450E25084A62003B86F9 /* ADTEvent.m */,
				B011450F25084A62003B86F9 /* ADTReachability.m */,
				B011451025084A62003B86F9 /* ADTAttributionHandler.m */,
				B011451125084A62003B86F9 /* ADTConfig.h */,
				B011451225084A62003B86F9 /* ADTActivityPackage.h */,
				B011451325084A62003B86F9 /* ADTTimerOnce.h */,
				B011451425084A62003B86F9 /* ADTAttribution.m */,
				B011451525084A62003B86F9 /* ADTAdditions */,
				B011451C25084A62003B86F9 /* ADTAdtraceFactory.h */,
				B011451D25084A62003B86F9 /* ADTKeychain.h */,
				B011451E25084A62003B86F9 /* ADTLogger.h */,
				B011451F25084A62003B86F9 /* ADTRequestHandler.m */,
				B011452025084A62003B86F9 /* ADTSystemProfile.h */,
				B011452125084A62003B86F9 /* ADTActivityHandler.m */,
				B011452225084A62003B86F9 /* ADTUtil.m */,
				B011452325084A62003B86F9 /* ADTDeviceInfo.m */,
				B011452425084A62003B86F9 /* ADTActivityKind.h */,
				B011452525084A62003B86F9 /* ADTBackoffStrategy.h */,
				B011452625084A62003B86F9 /* ADTPackageHandler.h */,
				B011452725084A62003B86F9 /* ADTEventFailure.m */,
				B011452825084A62003B86F9 /* ADTPackageBuilder.h */,
				B011452925084A62003B86F9 /* ADTResponseData.h */,
				B011452A25084A62003B86F9 /* ADTSubscription.h */,
				B011452B25084A62003B86F9 /* ADTSessionSuccess.m */,
				B011452C25084A62003B86F9 /* ADTSessionFailure.m */,
				B011452D25084A62003B86F9 /* ADTSessionParameters.m */,
				B011452E25084A62003B86F9 /* Adtrace.m */,
				B011452F25084A62003B86F9 /* ADTActivityState.m */,
				B011453025084A62003B86F9 /* ADTEventSuccess.m */,
				B011453125084A62003B86F9 /* ADTTimerCycle.m */,
				B011453225084A62003B86F9 /* ADTActivityPackage.m */,
				B011453325084A62003B86F9 /* ADTAttributionHandler.h */,
				B011453425084A62003B86F9 /* ADTConfig.m */,
				B011453525084A62003B86F9 /* ADTReachability.h */,
				B011453625084A62003B86F9 /* Info.plist */,
				B011453725084A62003B86F9 /* ADTUserDefaults.h */,
				B011453825084A62003B86F9 /* ADTEvent.h */,
				B011453925084A62003B86F9 /* ADTUrlStrategy.m */,
				B011453A25084A62003B86F9 /* ADTSdkClickHandler.h */,
			);
			name = Adtrace;
			path = ../../../Adtrace;
			sourceTree = "<group>";
		};
		B011451525084A62003B86F9 /* ADTAdditions */ = {
			isa = PBXGroup;
			children = (
				B011451625084A62003B86F9 /* NSString+ADTAdditions.m */,
				B011451725084A62003B86F9 /* NSData+ADTAdditions.m */,
				B011451825084A62003B86F9 /* UIDevice+ADTAdditions.h */,
				B011451925084A62003B86F9 /* UIDevice+ADTAdditions.m */,
				B011451A25084A62003B86F9 /* NSData+ADTAdditions.h */,
				B011451B25084A62003B86F9 /* NSString+ADTAdditions.h */,
			);
			path = ADTAdditions;
			sourceTree = "<group>";
		};
/* End PBXGroup section */

/* Begin PBXNativeTarget section */
		9DF7A9C11CB4ECA600D3591F /* AdtraceExample-Swift */ = {
			isa = PBXNativeTarget;
			buildConfigurationList = 9DF7A9D41CB4ECA600D3591F /* Build configuration list for PBXNativeTarget "AdtraceExample-Swift" */;
			buildPhases = (
				9DF7A9BE1CB4ECA600D3591F /* Sources */,
				9DF7A9BF1CB4ECA600D3591F /* Frameworks */,
				9DF7A9C01CB4ECA600D3591F /* Resources */,
			);
			buildRules = (
			);
			dependencies = (
			);
			name = "AdtraceExample-Swift";
			productName = "AdjustExample-Swift";
			productReference = 9DF7A9C21CB4ECA600D3591F /* AdtraceExample-Swift.app */;
			productType = "com.apple.product-type.application";
		};
/* End PBXNativeTarget section */

/* Begin PBXProject section */
		9DF7A9BA1CB4ECA600D3591F /* Project object */ = {
			isa = PBXProject;
			attributes = {
				LastSwiftUpdateCheck = 0730;
				LastUpgradeCheck = 0940;
				ORGANIZATIONNAME = "adjust GmbH";
				TargetAttributes = {
					9DF7A9C11CB4ECA600D3591F = {
						CreatedOnToolsVersion = 7.3;
						DevelopmentTeam = 6X9J44CQJ5;
						LastSwiftMigration = 1030;
						ProvisioningStyle = Automatic;
						SystemCapabilities = {
							com.apple.ApplicationGroups.iOS = {
								enabled = 0;
							};
							com.apple.SafariKeychain = {
								enabled = 1;
							};
							com.apple.WAC = {
								enabled = 0;
							};
						};
					};
				};
			};
			buildConfigurationList = 9DF7A9BD1CB4ECA600D3591F /* Build configuration list for PBXProject "AdtraceExample-Swift" */;
			compatibilityVersion = "Xcode 3.2";
			developmentRegion = en;
			hasScannedForEncodings = 0;
			knownRegions = (
				en,
				Base,
			);
			mainGroup = 9DF7A9B91CB4ECA600D3591F;
			productRefGroup = 9DF7A9C31CB4ECA600D3591F /* Products */;
			projectDirPath = "";
			projectRoot = "";
			targets = (
				9DF7A9C11CB4ECA600D3591F /* AdtraceExample-Swift */,
			);
		};
/* End PBXProject section */

/* Begin PBXResourcesBuildPhase section */
		9DF7A9C01CB4ECA600D3591F /* Resources */ = {
			isa = PBXResourcesBuildPhase;
			buildActionMask = 2147483647;
			files = (
				9DF7A9D01CB4ECA600D3591F /* LaunchScreen.storyboard in Resources */,
				9DF7A9CD1CB4ECA600D3591F /* Assets.xcassets in Resources */,
				9DF7A9CB1CB4ECA600D3591F /* Main.storyboard in Resources */,
			);
			runOnlyForDeploymentPostprocessing = 0;
		};
/* End PBXResourcesBuildPhase section */

/* Begin PBXSourcesBuildPhase section */
		9DF7A9BE1CB4ECA600D3591F /* Sources */ = {
			isa = PBXSourcesBuildPhase;
			buildActionMask = 2147483647;
			files = (
				B011454825084A62003B86F9 /* ADTEvent.m in Sources */,
				B011455C25084A62003B86F9 /* ADTConfig.m in Sources */,
				B011453E25084A62003B86F9 /* ADTTimerOnce.m in Sources */,
				B011453B25084A62003B86F9 /* ADTLogger.m in Sources */,
				B011453C25084A62003B86F9 /* ADTKeychain.m in Sources */,
				B011455325084A62003B86F9 /* ADTEventFailure.m in Sources */,
				9DF7A9C81CB4ECA600D3591F /* ViewControllerSwift.swift in Sources */,
				B011455925084A62003B86F9 /* ADTEventSuccess.m in Sources */,
				B011454225084A62003B86F9 /* ADTSystemProfile.m in Sources */,
				B011454925084A62003B86F9 /* ADTReachability.m in Sources */,
				B011454E25084A62003B86F9 /* UIDevice+ADTAdditions.m in Sources */,
				B011453F25084A62003B86F9 /* ADTPackageHandler.m in Sources */,
				B011454F25084A62003B86F9 /* ADTRequestHandler.m in Sources */,
				B011454D25084A62003B86F9 /* NSData+ADTAdditions.m in Sources */,
				B011455425084A62003B86F9 /* ADTSessionSuccess.m in Sources */,
				B011454425084A62003B86F9 /* ADTResponseData.m in Sources */,
				B011454525084A62003B86F9 /* ADTPackageBuilder.m in Sources */,
				B011455725084A62003B86F9 /* Adtrace.m in Sources */,
				B011455E25084A62003B86F9 /* ADTUrlStrategy.m in Sources */,
				B011454B25084A62003B86F9 /* ADTAttribution.m in Sources */,
				9DF7A9C61CB4ECA600D3591F /* AppDelegate.swift in Sources */,
				B011453D25084A62003B86F9 /* ADTAdtraceFactory.m in Sources */,
				B011454C25084A62003B86F9 /* NSString+ADTAdditions.m in Sources */,
				B011455825084A62003B86F9 /* ADTActivityState.m in Sources */,
				B011454325084A62003B86F9 /* ADTSubscription.m in Sources */,
				B011454025084A62003B86F9 /* ADTBackoffStrategy.m in Sources */,
				B011455B25084A62003B86F9 /* ADTActivityPackage.m in Sources */,
				B011455225084A62003B86F9 /* ADTDeviceInfo.m in Sources */,
				B011455625084A62003B86F9 /* ADTSessionParameters.m in Sources */,
				B011455025084A62003B86F9 /* ADTActivityHandler.m in Sources */,
				B011455125084A62003B86F9 /* ADTUtil.m in Sources */,
				B011454725084A62003B86F9 /* ADTUserDefaults.m in Sources */,
				B011455525084A62003B86F9 /* ADTSessionFailure.m in Sources */,
				B011454625084A62003B86F9 /* ADTSdkClickHandler.m in Sources */,
				B011454A25084A62003B86F9 /* ADTAttributionHandler.m in Sources */,
				B011455A25084A62003B86F9 /* ADTTimerCycle.m in Sources */,
				B011454125084A62003B86F9 /* ADTActivityKind.m in Sources */,
			);
			runOnlyForDeploymentPostprocessing = 0;
		};
/* End PBXSourcesBuildPhase section */

/* Begin PBXVariantGroup section */
		9DF7A9C91CB4ECA600D3591F /* Main.storyboard */ = {
			isa = PBXVariantGroup;
			children = (
				9DF7A9CA1CB4ECA600D3591F /* Base */,
			);
			name = Main.storyboard;
			sourceTree = "<group>";
		};
		9DF7A9CE1CB4ECA600D3591F /* LaunchScreen.storyboard */ = {
			isa = PBXVariantGroup;
			children = (
				9DF7A9CF1CB4ECA600D3591F /* Base */,
			);
			name = LaunchScreen.storyboard;
			sourceTree = "<group>";
		};
/* End PBXVariantGroup section */

/* Begin XCBuildConfiguration section */
		9DF7A9D21CB4ECA600D3591F /* Debug */ = {
			isa = XCBuildConfiguration;
			buildSettings = {
				ALWAYS_SEARCH_USER_PATHS = NO;
				CLANG_ANALYZER_NONNULL = YES;
				CLANG_CXX_LANGUAGE_STANDARD = "gnu++0x";
				CLANG_CXX_LIBRARY = "libc++";
				CLANG_ENABLE_MODULES = YES;
				CLANG_ENABLE_OBJC_ARC = YES;
				CLANG_WARN_BLOCK_CAPTURE_AUTORELEASING = YES;
				CLANG_WARN_BOOL_CONVERSION = YES;
				CLANG_WARN_COMMA = YES;
				CLANG_WARN_CONSTANT_CONVERSION = YES;
				CLANG_WARN_DEPRECATED_OBJC_IMPLEMENTATIONS = YES;
				CLANG_WARN_DIRECT_OBJC_ISA_USAGE = YES_ERROR;
				CLANG_WARN_EMPTY_BODY = YES;
				CLANG_WARN_ENUM_CONVERSION = YES;
				CLANG_WARN_INFINITE_RECURSION = YES;
				CLANG_WARN_INT_CONVERSION = YES;
				CLANG_WARN_NON_LITERAL_NULL_CONVERSION = YES;
				CLANG_WARN_OBJC_IMPLICIT_RETAIN_SELF = YES;
				CLANG_WARN_OBJC_LITERAL_CONVERSION = YES;
				CLANG_WARN_OBJC_ROOT_CLASS = YES_ERROR;
				CLANG_WARN_RANGE_LOOP_ANALYSIS = YES;
				CLANG_WARN_STRICT_PROTOTYPES = YES;
				CLANG_WARN_SUSPICIOUS_MOVE = YES;
				CLANG_WARN_UNREACHABLE_CODE = YES;
				CLANG_WARN__DUPLICATE_METHOD_MATCH = YES;
				"CODE_SIGN_IDENTITY[sdk=iphoneos*]" = "iPhone Developer";
				COPY_PHASE_STRIP = NO;
				DEBUG_INFORMATION_FORMAT = dwarf;
				ENABLE_STRICT_OBJC_MSGSEND = YES;
				ENABLE_TESTABILITY = YES;
				GCC_C_LANGUAGE_STANDARD = gnu99;
				GCC_DYNAMIC_NO_PIC = NO;
				GCC_NO_COMMON_BLOCKS = YES;
				GCC_OPTIMIZATION_LEVEL = 0;
				GCC_PREPROCESSOR_DEFINITIONS = (
					"DEBUG=1",
					"$(inherited)",
				);
				GCC_WARN_64_TO_32_BIT_CONVERSION = YES;
				GCC_WARN_ABOUT_RETURN_TYPE = YES_ERROR;
				GCC_WARN_UNDECLARED_SELECTOR = YES;
				GCC_WARN_UNINITIALIZED_AUTOS = YES_AGGRESSIVE;
				GCC_WARN_UNUSED_FUNCTION = YES;
				GCC_WARN_UNUSED_VARIABLE = YES;
				IPHONEOS_DEPLOYMENT_TARGET = 8.0;
				MTL_ENABLE_DEBUG_INFO = YES;
				ONLY_ACTIVE_ARCH = YES;
				SDKROOT = iphoneos;
				SWIFT_OPTIMIZATION_LEVEL = "-Onone";
				SWIFT_VERSION = "";
			};
			name = Debug;
		};
		9DF7A9D31CB4ECA600D3591F /* Release */ = {
			isa = XCBuildConfiguration;
			buildSettings = {
				ALWAYS_SEARCH_USER_PATHS = NO;
				CLANG_ANALYZER_NONNULL = YES;
				CLANG_CXX_LANGUAGE_STANDARD = "gnu++0x";
				CLANG_CXX_LIBRARY = "libc++";
				CLANG_ENABLE_MODULES = YES;
				CLANG_ENABLE_OBJC_ARC = YES;
				CLANG_WARN_BLOCK_CAPTURE_AUTORELEASING = YES;
				CLANG_WARN_BOOL_CONVERSION = YES;
				CLANG_WARN_COMMA = YES;
				CLANG_WARN_CONSTANT_CONVERSION = YES;
				CLANG_WARN_DEPRECATED_OBJC_IMPLEMENTATIONS = YES;
				CLANG_WARN_DIRECT_OBJC_ISA_USAGE = YES_ERROR;
				CLANG_WARN_EMPTY_BODY = YES;
				CLANG_WARN_ENUM_CONVERSION = YES;
				CLANG_WARN_INFINITE_RECURSION = YES;
				CLANG_WARN_INT_CONVERSION = YES;
				CLANG_WARN_NON_LITERAL_NULL_CONVERSION = YES;
				CLANG_WARN_OBJC_IMPLICIT_RETAIN_SELF = YES;
				CLANG_WARN_OBJC_LITERAL_CONVERSION = YES;
				CLANG_WARN_OBJC_ROOT_CLASS = YES_ERROR;
				CLANG_WARN_RANGE_LOOP_ANALYSIS = YES;
				CLANG_WARN_STRICT_PROTOTYPES = YES;
				CLANG_WARN_SUSPICIOUS_MOVE = YES;
				CLANG_WARN_UNREACHABLE_CODE = YES;
				CLANG_WARN__DUPLICATE_METHOD_MATCH = YES;
				"CODE_SIGN_IDENTITY[sdk=iphoneos*]" = "iPhone Developer";
				COPY_PHASE_STRIP = NO;
				DEBUG_INFORMATION_FORMAT = "dwarf-with-dsym";
				ENABLE_NS_ASSERTIONS = NO;
				ENABLE_STRICT_OBJC_MSGSEND = YES;
				GCC_C_LANGUAGE_STANDARD = gnu99;
				GCC_NO_COMMON_BLOCKS = YES;
				GCC_WARN_64_TO_32_BIT_CONVERSION = YES;
				GCC_WARN_ABOUT_RETURN_TYPE = YES_ERROR;
				GCC_WARN_UNDECLARED_SELECTOR = YES;
				GCC_WARN_UNINITIALIZED_AUTOS = YES_AGGRESSIVE;
				GCC_WARN_UNUSED_FUNCTION = YES;
				GCC_WARN_UNUSED_VARIABLE = YES;
				IPHONEOS_DEPLOYMENT_TARGET = 8.0;
				MTL_ENABLE_DEBUG_INFO = NO;
				SDKROOT = iphoneos;
				SWIFT_OPTIMIZATION_LEVEL = "-Owholemodule";
				SWIFT_VERSION = "";
				VALIDATE_PRODUCT = YES;
			};
			name = Release;
		};
		9DF7A9D51CB4ECA600D3591F /* Debug */ = {
			isa = XCBuildConfiguration;
			buildSettings = {
				ASSETCATALOG_COMPILER_APPICON_NAME = AppIcon;
				CLANG_ENABLE_MODULES = YES;
				CODE_SIGN_IDENTITY = "iPhone Developer";
				CODE_SIGN_STYLE = Automatic;
				DEVELOPMENT_TEAM = 6X9J44CQJ5;
				FRAMEWORK_SEARCH_PATHS = "$(inherited)";
				INFOPLIST_FILE = "AdtraceExample-Swift/Info.plist";
				IPHONEOS_DEPLOYMENT_TARGET = 8.0;
				LD_RUNPATH_SEARCH_PATHS = "$(inherited) @executable_path/Frameworks";
				OTHER_LDFLAGS = "";
				PRODUCT_BUNDLE_IDENTIFIER = com.adtrace.example;
				PRODUCT_NAME = "$(TARGET_NAME)";
				PROVISIONING_PROFILE_SPECIFIER = "";
				SWIFT_OBJC_BRIDGING_HEADER = "AdtraceExample-Swift/AdtraceExample-Swift-Bridging-Header.h";
				SWIFT_OPTIMIZATION_LEVEL = "-Onone";
				SWIFT_VERSION = 4.2;
			};
			name = Debug;
		};
		9DF7A9D61CB4ECA600D3591F /* Release */ = {
			isa = XCBuildConfiguration;
			buildSettings = {
				ASSETCATALOG_COMPILER_APPICON_NAME = AppIcon;
				CLANG_ENABLE_MODULES = YES;
				CODE_SIGN_IDENTITY = "iPhone Developer";
				CODE_SIGN_STYLE = Automatic;
				DEVELOPMENT_TEAM = 6X9J44CQJ5;
				FRAMEWORK_SEARCH_PATHS = "$(inherited)";
				INFOPLIST_FILE = "AdtraceExample-Swift/Info.plist";
				IPHONEOS_DEPLOYMENT_TARGET = 8.0;
				LD_RUNPATH_SEARCH_PATHS = "$(inherited) @executable_path/Frameworks";
				OTHER_LDFLAGS = "";
				PRODUCT_BUNDLE_IDENTIFIER = com.adtrace.example;
				PRODUCT_NAME = "$(TARGET_NAME)";
				PROVISIONING_PROFILE_SPECIFIER = "";
				SWIFT_OBJC_BRIDGING_HEADER = "AdtraceExample-Swift/AdtraceExample-Swift-Bridging-Header.h";
				SWIFT_VERSION = 4.2;
			};
			name = Release;
		};
/* End XCBuildConfiguration section */

/* Begin XCConfigurationList section */
		9DF7A9BD1CB4ECA600D3591F /* Build configuration list for PBXProject "AdtraceExample-Swift" */ = {
			isa = XCConfigurationList;
			buildConfigurations = (
				9DF7A9D21CB4ECA600D3591F /* Debug */,
				9DF7A9D31CB4ECA600D3591F /* Release */,
			);
			defaultConfigurationIsVisible = 0;
			defaultConfigurationName = Release;
		};
		9DF7A9D41CB4ECA600D3591F /* Build configuration list for PBXNativeTarget "AdtraceExample-Swift" */ = {
			isa = XCConfigurationList;
			buildConfigurations = (
				9DF7A9D51CB4ECA600D3591F /* Debug */,
				9DF7A9D61CB4ECA600D3591F /* Release */,
			);
			defaultConfigurationIsVisible = 0;
			defaultConfigurationName = Release;
		};
/* End XCConfigurationList section */
	};
	rootObject = 9DF7A9BA1CB4ECA600D3591F /* Project object */;
}
